// !$*UTF8*$!
{
	archiveVersion = 1;
	classes = {
	};
	objectVersion = 56;
	objects = {

/* Begin PBXBuildFile section */
		0A19A67CD6F2C51595BCE216 /* Pods_BibliographicGuide_BibliographicGuideUITests.framework in Frameworks */ = {isa = PBXBuildFile; fileRef = C75E5EE4C2B41C6191C4E86B /* Pods_BibliographicGuide_BibliographicGuideUITests.framework */; };
		1132A02329D3219C0007B181 /* BibliographicGuideApp.swift in Sources */ = {isa = PBXBuildFile; fileRef = 1132A02229D3219C0007B181 /* BibliographicGuideApp.swift */; };
		1132A02529D3219C0007B181 /* ContentView.swift in Sources */ = {isa = PBXBuildFile; fileRef = 1132A02429D3219C0007B181 /* ContentView.swift */; };
		1132A02729D3219D0007B181 /* Assets.xcassets in Resources */ = {isa = PBXBuildFile; fileRef = 1132A02629D3219D0007B181 /* Assets.xcassets */; };
		1132A02A29D3219D0007B181 /* Preview Assets.xcassets in Resources */ = {isa = PBXBuildFile; fileRef = 1132A02929D3219D0007B181 /* Preview Assets.xcassets */; };
		1132A03429D3219E0007B181 /* BibliographicGuideTests.swift in Sources */ = {isa = PBXBuildFile; fileRef = 1132A03329D3219E0007B181 /* BibliographicGuideTests.swift */; };
		1132A03E29D3219E0007B181 /* BibliographicGuideUITests.swift in Sources */ = {isa = PBXBuildFile; fileRef = 1132A03D29D3219E0007B181 /* BibliographicGuideUITests.swift */; };
		1132A04029D3219E0007B181 /* BibliographicGuideUITestsLaunchTests.swift in Sources */ = {isa = PBXBuildFile; fileRef = 1132A03F29D3219E0007B181 /* BibliographicGuideUITestsLaunchTests.swift */; };
		1132A04F29D445DB0007B181 /* SettingsView.swift in Sources */ = {isa = PBXBuildFile; fileRef = 1132A04E29D445DB0007B181 /* SettingsView.swift */; };
		1132A05529D7294E0007B181 /* SettingsViewModel.swift in Sources */ = {isa = PBXBuildFile; fileRef = 1132A05329D610B10007B181 /* SettingsViewModel.swift */; };
		1132A05929D7392F0007B181 /* GoogleService-Info.plist in Resources */ = {isa = PBXBuildFile; fileRef = 1132A05829D7392F0007B181 /* GoogleService-Info.plist */; };
		1132A05C29D849140007B181 /* RecordRepository.swift in Sources */ = {isa = PBXBuildFile; fileRef = 1132A05B29D849140007B181 /* RecordRepository.swift */; };
		1132A05E29D891A80007B181 /* Record.swift in Sources */ = {isa = PBXBuildFile; fileRef = 1132A05D29D891A80007B181 /* Record.swift */; };
		1132A06029D899DD0007B181 /* RecordListViewModel.swift in Sources */ = {isa = PBXBuildFile; fileRef = 1132A05F29D899DD0007B181 /* RecordListViewModel.swift */; };
		1132A06229D89B210007B181 /* HomeView.swift in Sources */ = {isa = PBXBuildFile; fileRef = 1132A06129D89B210007B181 /* HomeView.swift */; };
		8E2EDA666BF49964DFE1B02E /* Pods_BibliographicGuide.framework in Frameworks */ = {isa = PBXBuildFile; fileRef = 7A17856A9ED342D36391D4E7 /* Pods_BibliographicGuide.framework */; };
		C79F79CD4CD1D2DE9CB5E0AB /* Pods_BibliographicGuideTests.framework in Frameworks */ = {isa = PBXBuildFile; fileRef = 9E5B84D1332C25EDC27E7512 /* Pods_BibliographicGuideTests.framework */; };
/* End PBXBuildFile section */

/* Begin PBXContainerItemProxy section */
		1132A03029D3219E0007B181 /* PBXContainerItemProxy */ = {
			isa = PBXContainerItemProxy;
			containerPortal = 1132A01729D3219C0007B181 /* Project object */;
			proxyType = 1;
			remoteGlobalIDString = 1132A01E29D3219C0007B181;
			remoteInfo = BibliographicGuide;
		};
		1132A03A29D3219E0007B181 /* PBXContainerItemProxy */ = {
			isa = PBXContainerItemProxy;
			containerPortal = 1132A01729D3219C0007B181 /* Project object */;
			proxyType = 1;
			remoteGlobalIDString = 1132A01E29D3219C0007B181;
			remoteInfo = BibliographicGuide;
		};
/* End PBXContainerItemProxy section */

/* Begin PBXFileReference section */
		0363E4EA9CA194B1C5D7151D /* Pods-BibliographicGuideTests.release.xcconfig */ = {isa = PBXFileReference; includeInIndex = 1; lastKnownFileType = text.xcconfig; name = "Pods-BibliographicGuideTests.release.xcconfig"; path = "Target Support Files/Pods-BibliographicGuideTests/Pods-BibliographicGuideTests.release.xcconfig"; sourceTree = "<group>"; };
		1132A01F29D3219C0007B181 /* BibliographicGuide.app */ = {isa = PBXFileReference; explicitFileType = wrapper.application; includeInIndex = 0; path = BibliographicGuide.app; sourceTree = BUILT_PRODUCTS_DIR; };
		1132A02229D3219C0007B181 /* BibliographicGuideApp.swift */ = {isa = PBXFileReference; lastKnownFileType = sourcecode.swift; path = BibliographicGuideApp.swift; sourceTree = "<group>"; };
		1132A02429D3219C0007B181 /* ContentView.swift */ = {isa = PBXFileReference; lastKnownFileType = sourcecode.swift; path = ContentView.swift; sourceTree = "<group>"; };
		1132A02629D3219D0007B181 /* Assets.xcassets */ = {isa = PBXFileReference; lastKnownFileType = folder.assetcatalog; path = Assets.xcassets; sourceTree = "<group>"; };
		1132A02929D3219D0007B181 /* Preview Assets.xcassets */ = {isa = PBXFileReference; lastKnownFileType = folder.assetcatalog; path = "Preview Assets.xcassets"; sourceTree = "<group>"; };
		1132A02F29D3219E0007B181 /* BibliographicGuideTests.xctest */ = {isa = PBXFileReference; explicitFileType = wrapper.cfbundle; includeInIndex = 0; path = BibliographicGuideTests.xctest; sourceTree = BUILT_PRODUCTS_DIR; };
		1132A03329D3219E0007B181 /* BibliographicGuideTests.swift */ = {isa = PBXFileReference; lastKnownFileType = sourcecode.swift; path = BibliographicGuideTests.swift; sourceTree = "<group>"; };
		1132A03929D3219E0007B181 /* BibliographicGuideUITests.xctest */ = {isa = PBXFileReference; explicitFileType = wrapper.cfbundle; includeInIndex = 0; path = BibliographicGuideUITests.xctest; sourceTree = BUILT_PRODUCTS_DIR; };
		1132A03D29D3219E0007B181 /* BibliographicGuideUITests.swift */ = {isa = PBXFileReference; lastKnownFileType = sourcecode.swift; path = BibliographicGuideUITests.swift; sourceTree = "<group>"; };
		1132A03F29D3219E0007B181 /* BibliographicGuideUITestsLaunchTests.swift */ = {isa = PBXFileReference; lastKnownFileType = sourcecode.swift; path = BibliographicGuideUITestsLaunchTests.swift; sourceTree = "<group>"; };
		1132A04E29D445DB0007B181 /* SettingsView.swift */ = {isa = PBXFileReference; lastKnownFileType = sourcecode.swift; path = SettingsView.swift; sourceTree = "<group>"; };
		1132A05329D610B10007B181 /* SettingsViewModel.swift */ = {isa = PBXFileReference; lastKnownFileType = sourcecode.swift; path = SettingsViewModel.swift; sourceTree = "<group>"; };
		1132A05829D7392F0007B181 /* GoogleService-Info.plist */ = {isa = PBXFileReference; fileEncoding = 4; lastKnownFileType = text.plist.xml; name = "GoogleService-Info.plist"; path = "../../../../../Downloads/GoogleService-Info.plist"; sourceTree = "<group>"; };
		1132A05B29D849140007B181 /* RecordRepository.swift */ = {isa = PBXFileReference; lastKnownFileType = sourcecode.swift; path = RecordRepository.swift; sourceTree = "<group>"; };
		1132A05D29D891A80007B181 /* Record.swift */ = {isa = PBXFileReference; lastKnownFileType = sourcecode.swift; path = Record.swift; sourceTree = "<group>"; };
		1132A05F29D899DD0007B181 /* RecordListViewModel.swift */ = {isa = PBXFileReference; lastKnownFileType = sourcecode.swift; path = RecordListViewModel.swift; sourceTree = "<group>"; };
		1132A06129D89B210007B181 /* HomeView.swift */ = {isa = PBXFileReference; lastKnownFileType = sourcecode.swift; path = HomeView.swift; sourceTree = "<group>"; };
		241C83635DC8BC995E701B01 /* Pods-BibliographicGuide-BibliographicGuideUITests.debug.xcconfig */ = {isa = PBXFileReference; includeInIndex = 1; lastKnownFileType = text.xcconfig; name = "Pods-BibliographicGuide-BibliographicGuideUITests.debug.xcconfig"; path = "Target Support Files/Pods-BibliographicGuide-BibliographicGuideUITests/Pods-BibliographicGuide-BibliographicGuideUITests.debug.xcconfig"; sourceTree = "<group>"; };
		3BF3DF8CD7A06B44BA0C0176 /* Pods-BibliographicGuide-BibliographicGuideUITests.release.xcconfig */ = {isa = PBXFileReference; includeInIndex = 1; lastKnownFileType = text.xcconfig; name = "Pods-BibliographicGuide-BibliographicGuideUITests.release.xcconfig"; path = "Target Support Files/Pods-BibliographicGuide-BibliographicGuideUITests/Pods-BibliographicGuide-BibliographicGuideUITests.release.xcconfig"; sourceTree = "<group>"; };
		57888CDBC96114F9CA898EC2 /* Pods-BibliographicGuide.debug.xcconfig */ = {isa = PBXFileReference; includeInIndex = 1; lastKnownFileType = text.xcconfig; name = "Pods-BibliographicGuide.debug.xcconfig"; path = "Target Support Files/Pods-BibliographicGuide/Pods-BibliographicGuide.debug.xcconfig"; sourceTree = "<group>"; };
		6E4E73C4B73BD9799F2FE586 /* Pods-BibliographicGuideTests.debug.xcconfig */ = {isa = PBXFileReference; includeInIndex = 1; lastKnownFileType = text.xcconfig; name = "Pods-BibliographicGuideTests.debug.xcconfig"; path = "Target Support Files/Pods-BibliographicGuideTests/Pods-BibliographicGuideTests.debug.xcconfig"; sourceTree = "<group>"; };
		7A17856A9ED342D36391D4E7 /* Pods_BibliographicGuide.framework */ = {isa = PBXFileReference; explicitFileType = wrapper.framework; includeInIndex = 0; path = Pods_BibliographicGuide.framework; sourceTree = BUILT_PRODUCTS_DIR; };
		9E5B84D1332C25EDC27E7512 /* Pods_BibliographicGuideTests.framework */ = {isa = PBXFileReference; explicitFileType = wrapper.framework; includeInIndex = 0; path = Pods_BibliographicGuideTests.framework; sourceTree = BUILT_PRODUCTS_DIR; };
		C75E5EE4C2B41C6191C4E86B /* Pods_BibliographicGuide_BibliographicGuideUITests.framework */ = {isa = PBXFileReference; explicitFileType = wrapper.framework; includeInIndex = 0; path = Pods_BibliographicGuide_BibliographicGuideUITests.framework; sourceTree = BUILT_PRODUCTS_DIR; };
		D0D33DDD40CD3472118C4A20 /* Pods-BibliographicGuide.release.xcconfig */ = {isa = PBXFileReference; includeInIndex = 1; lastKnownFileType = text.xcconfig; name = "Pods-BibliographicGuide.release.xcconfig"; path = "Target Support Files/Pods-BibliographicGuide/Pods-BibliographicGuide.release.xcconfig"; sourceTree = "<group>"; };
/* End PBXFileReference section */

/* Begin PBXFrameworksBuildPhase section */
		1132A01C29D3219C0007B181 /* Frameworks */ = {
			isa = PBXFrameworksBuildPhase;
			buildActionMask = 2147483647;
			files = (
				8E2EDA666BF49964DFE1B02E /* Pods_BibliographicGuide.framework in Frameworks */,
			);
			runOnlyForDeploymentPostprocessing = 0;
		};
		1132A02C29D3219E0007B181 /* Frameworks */ = {
			isa = PBXFrameworksBuildPhase;
			buildActionMask = 2147483647;
			files = (
				C79F79CD4CD1D2DE9CB5E0AB /* Pods_BibliographicGuideTests.framework in Frameworks */,
			);
			runOnlyForDeploymentPostprocessing = 0;
		};
		1132A03629D3219E0007B181 /* Frameworks */ = {
			isa = PBXFrameworksBuildPhase;
			buildActionMask = 2147483647;
			files = (
				0A19A67CD6F2C51595BCE216 /* Pods_BibliographicGuide_BibliographicGuideUITests.framework in Frameworks */,
			);
			runOnlyForDeploymentPostprocessing = 0;
		};
/* End PBXFrameworksBuildPhase section */

/* Begin PBXGroup section */
		1132A01629D3219C0007B181 = {
			isa = PBXGroup;
			children = (
				1132A02129D3219C0007B181 /* BibliographicGuide */,
				1132A03229D3219E0007B181 /* BibliographicGuideTests */,
				1132A03C29D3219E0007B181 /* BibliographicGuideUITests */,
				1132A02029D3219C0007B181 /* Products */,
				E5F0B487A48BCB79C3973FFD /* Pods */,
				A7A0C87989601ECE0D6915F5 /* Frameworks */,
			);
			sourceTree = "<group>";
		};
		1132A02029D3219C0007B181 /* Products */ = {
			isa = PBXGroup;
			children = (
				1132A01F29D3219C0007B181 /* BibliographicGuide.app */,
				1132A02F29D3219E0007B181 /* BibliographicGuideTests.xctest */,
				1132A03929D3219E0007B181 /* BibliographicGuideUITests.xctest */,
			);
			name = Products;
			sourceTree = "<group>";
		};
		1132A02129D3219C0007B181 /* BibliographicGuide */ = {
			isa = PBXGroup;
			children = (
				1132A02229D3219C0007B181 /* BibliographicGuideApp.swift */,
				1132A05A29D841780007B181 /* Repository */,
				1132A05029D610080007B181 /* Models */,
				1132A04C29D445B80007B181 /* Views */,
				1132A05129D610180007B181 /* ViewModels */,
				1132A02629D3219D0007B181 /* Assets.xcassets */,
				1132A05829D7392F0007B181 /* GoogleService-Info.plist */,
				1132A02829D3219D0007B181 /* Preview Content */,
			);
			path = BibliographicGuide;
			sourceTree = "<group>";
		};
		1132A02829D3219D0007B181 /* Preview Content */ = {
			isa = PBXGroup;
			children = (
				1132A02929D3219D0007B181 /* Preview Assets.xcassets */,
			);
			path = "Preview Content";
			sourceTree = "<group>";
		};
		1132A03229D3219E0007B181 /* BibliographicGuideTests */ = {
			isa = PBXGroup;
			children = (
				1132A03329D3219E0007B181 /* BibliographicGuideTests.swift */,
			);
			path = BibliographicGuideTests;
			sourceTree = "<group>";
		};
		1132A03C29D3219E0007B181 /* BibliographicGuideUITests */ = {
			isa = PBXGroup;
			children = (
				1132A03D29D3219E0007B181 /* BibliographicGuideUITests.swift */,
				1132A03F29D3219E0007B181 /* BibliographicGuideUITestsLaunchTests.swift */,
			);
			path = BibliographicGuideUITests;
			sourceTree = "<group>";
		};
		1132A04C29D445B80007B181 /* Views */ = {
			isa = PBXGroup;
			children = (
				1132A06329DAF11B0007B181 /* Home */,
				1132A05229D610640007B181 /* Authorization */,
				1132A02429D3219C0007B181 /* ContentView.swift */,
				1132A04D29D445C80007B181 /* Settings */,
			);
			path = Views;
			sourceTree = "<group>";
		};
		1132A04D29D445C80007B181 /* Settings */ = {
			isa = PBXGroup;
			children = (
				1132A04E29D445DB0007B181 /* SettingsView.swift */,
			);
			path = Settings;
			sourceTree = "<group>";
		};
		1132A05029D610080007B181 /* Models */ = {
			isa = PBXGroup;
			children = (
				1132A05D29D891A80007B181 /* Record.swift */,
			);
			path = Models;
			sourceTree = "<group>";
		};
		1132A05129D610180007B181 /* ViewModels */ = {
			isa = PBXGroup;
			children = (
				1132A05329D610B10007B181 /* SettingsViewModel.swift */,
				1132A05F29D899DD0007B181 /* RecordListViewModel.swift */,
			);
			path = ViewModels;
			sourceTree = "<group>";
		};
		1132A05229D610640007B181 /* Authorization */ = {
			isa = PBXGroup;
			children = (
			);
			path = Authorization;
			sourceTree = "<group>";
		};
		1132A05A29D841780007B181 /* Repository */ = {
			isa = PBXGroup;
			children = (
				1132A05B29D849140007B181 /* RecordRepository.swift */,
			);
			path = Repository;
			sourceTree = "<group>";
		};
		1132A06329DAF11B0007B181 /* Home */ = {
			isa = PBXGroup;
			children = (
				1132A06129D89B210007B181 /* HomeView.swift */,
			);
			path = Home;
			sourceTree = "<group>";
		};
		A7A0C87989601ECE0D6915F5 /* Frameworks */ = {
			isa = PBXGroup;
			children = (
				7A17856A9ED342D36391D4E7 /* Pods_BibliographicGuide.framework */,
				C75E5EE4C2B41C6191C4E86B /* Pods_BibliographicGuide_BibliographicGuideUITests.framework */,
				9E5B84D1332C25EDC27E7512 /* Pods_BibliographicGuideTests.framework */,
			);
			name = Frameworks;
			sourceTree = "<group>";
		};
		E5F0B487A48BCB79C3973FFD /* Pods */ = {
			isa = PBXGroup;
			children = (
				57888CDBC96114F9CA898EC2 /* Pods-BibliographicGuide.debug.xcconfig */,
				D0D33DDD40CD3472118C4A20 /* Pods-BibliographicGuide.release.xcconfig */,
				241C83635DC8BC995E701B01 /* Pods-BibliographicGuide-BibliographicGuideUITests.debug.xcconfig */,
				3BF3DF8CD7A06B44BA0C0176 /* Pods-BibliographicGuide-BibliographicGuideUITests.release.xcconfig */,
				6E4E73C4B73BD9799F2FE586 /* Pods-BibliographicGuideTests.debug.xcconfig */,
				0363E4EA9CA194B1C5D7151D /* Pods-BibliographicGuideTests.release.xcconfig */,
			);
			path = Pods;
			sourceTree = "<group>";
		};
/* End PBXGroup section */

/* Begin PBXNativeTarget section */
		1132A01E29D3219C0007B181 /* BibliographicGuide */ = {
			isa = PBXNativeTarget;
			buildConfigurationList = 1132A04329D3219E0007B181 /* Build configuration list for PBXNativeTarget "BibliographicGuide" */;
			buildPhases = (
				E8049812F122D95F67BA60FC /* [CP] Check Pods Manifest.lock */,
				1132A01B29D3219C0007B181 /* Sources */,
				1132A01C29D3219C0007B181 /* Frameworks */,
				1132A01D29D3219C0007B181 /* Resources */,
				F1DCDB50319917754D64FE93 /* [CP] Embed Pods Frameworks */,
			);
			buildRules = (
			);
			dependencies = (
			);
			name = BibliographicGuide;
			productName = BibliographicGuide;
			productReference = 1132A01F29D3219C0007B181 /* BibliographicGuide.app */;
			productType = "com.apple.product-type.application";
		};
		1132A02E29D3219E0007B181 /* BibliographicGuideTests */ = {
			isa = PBXNativeTarget;
			buildConfigurationList = 1132A04629D3219E0007B181 /* Build configuration list for PBXNativeTarget "BibliographicGuideTests" */;
			buildPhases = (
				E0EFD5F59C8EA4F9BC56C715 /* [CP] Check Pods Manifest.lock */,
				1132A02B29D3219E0007B181 /* Sources */,
				1132A02C29D3219E0007B181 /* Frameworks */,
				1132A02D29D3219E0007B181 /* Resources */,
			);
			buildRules = (
			);
			dependencies = (
				1132A03129D3219E0007B181 /* PBXTargetDependency */,
			);
			name = BibliographicGuideTests;
			productName = BibliographicGuideTests;
			productReference = 1132A02F29D3219E0007B181 /* BibliographicGuideTests.xctest */;
			productType = "com.apple.product-type.bundle.unit-test";
		};
		1132A03829D3219E0007B181 /* BibliographicGuideUITests */ = {
			isa = PBXNativeTarget;
			buildConfigurationList = 1132A04929D3219E0007B181 /* Build configuration list for PBXNativeTarget "BibliographicGuideUITests" */;
			buildPhases = (
				35A900D22E0079B9AF28B3C6 /* [CP] Check Pods Manifest.lock */,
				1132A03529D3219E0007B181 /* Sources */,
				1132A03629D3219E0007B181 /* Frameworks */,
				1132A03729D3219E0007B181 /* Resources */,
				270C3A2A52061DD09B2407CD /* [CP] Embed Pods Frameworks */,
			);
			buildRules = (
			);
			dependencies = (
				1132A03B29D3219E0007B181 /* PBXTargetDependency */,
			);
			name = BibliographicGuideUITests;
			productName = BibliographicGuideUITests;
			productReference = 1132A03929D3219E0007B181 /* BibliographicGuideUITests.xctest */;
			productType = "com.apple.product-type.bundle.ui-testing";
		};
/* End PBXNativeTarget section */

/* Begin PBXProject section */
		1132A01729D3219C0007B181 /* Project object */ = {
			isa = PBXProject;
			attributes = {
				BuildIndependentTargetsInParallel = 1;
				LastSwiftUpdateCheck = 1420;
				LastUpgradeCheck = 1420;
				TargetAttributes = {
					1132A01E29D3219C0007B181 = {
						CreatedOnToolsVersion = 14.2;
					};
					1132A02E29D3219E0007B181 = {
						CreatedOnToolsVersion = 14.2;
						TestTargetID = 1132A01E29D3219C0007B181;
					};
					1132A03829D3219E0007B181 = {
						CreatedOnToolsVersion = 14.2;
						TestTargetID = 1132A01E29D3219C0007B181;
					};
				};
			};
			buildConfigurationList = 1132A01A29D3219C0007B181 /* Build configuration list for PBXProject "BibliographicGuide" */;
			compatibilityVersion = "Xcode 14.0";
			developmentRegion = en;
			hasScannedForEncodings = 0;
			knownRegions = (
				en,
				Base,
			);
			mainGroup = 1132A01629D3219C0007B181;
			productRefGroup = 1132A02029D3219C0007B181 /* Products */;
			projectDirPath = "";
			projectRoot = "";
			targets = (
				1132A01E29D3219C0007B181 /* BibliographicGuide */,
				1132A02E29D3219E0007B181 /* BibliographicGuideTests */,
				1132A03829D3219E0007B181 /* BibliographicGuideUITests */,
			);
		};
/* End PBXProject section */

/* Begin PBXResourcesBuildPhase section */
		1132A01D29D3219C0007B181 /* Resources */ = {
			isa = PBXResourcesBuildPhase;
			buildActionMask = 2147483647;
			files = (
				1132A02A29D3219D0007B181 /* Preview Assets.xcassets in Resources */,
				1132A02729D3219D0007B181 /* Assets.xcassets in Resources */,
				1132A05929D7392F0007B181 /* GoogleService-Info.plist in Resources */,
			);
			runOnlyForDeploymentPostprocessing = 0;
		};
		1132A02D29D3219E0007B181 /* Resources */ = {
			isa = PBXResourcesBuildPhase;
			buildActionMask = 2147483647;
			files = (
			);
			runOnlyForDeploymentPostprocessing = 0;
		};
		1132A03729D3219E0007B181 /* Resources */ = {
			isa = PBXResourcesBuildPhase;
			buildActionMask = 2147483647;
			files = (
			);
			runOnlyForDeploymentPostprocessing = 0;
		};
/* End PBXResourcesBuildPhase section */

/* Begin PBXShellScriptBuildPhase section */
		270C3A2A52061DD09B2407CD /* [CP] Embed Pods Frameworks */ = {
			isa = PBXShellScriptBuildPhase;
			buildActionMask = 2147483647;
			files = (
			);
			inputFileListPaths = (
				"${PODS_ROOT}/Target Support Files/Pods-BibliographicGuide-BibliographicGuideUITests/Pods-BibliographicGuide-BibliographicGuideUITests-frameworks-${CONFIGURATION}-input-files.xcfilelist",
			);
			name = "[CP] Embed Pods Frameworks";
			outputFileListPaths = (
				"${PODS_ROOT}/Target Support Files/Pods-BibliographicGuide-BibliographicGuideUITests/Pods-BibliographicGuide-BibliographicGuideUITests-frameworks-${CONFIGURATION}-output-files.xcfilelist",
			);
			runOnlyForDeploymentPostprocessing = 0;
			shellPath = /bin/sh;
			shellScript = "\"${PODS_ROOT}/Target Support Files/Pods-BibliographicGuide-BibliographicGuideUITests/Pods-BibliographicGuide-BibliographicGuideUITests-frameworks.sh\"\n";
			showEnvVarsInLog = 0;
		};
		35A900D22E0079B9AF28B3C6 /* [CP] Check Pods Manifest.lock */ = {
			isa = PBXShellScriptBuildPhase;
			buildActionMask = 2147483647;
			files = (
			);
			inputFileListPaths = (
			);
			inputPaths = (
				"${PODS_PODFILE_DIR_PATH}/Podfile.lock",
				"${PODS_ROOT}/Manifest.lock",
			);
			name = "[CP] Check Pods Manifest.lock";
			outputFileListPaths = (
			);
			outputPaths = (
				"$(DERIVED_FILE_DIR)/Pods-BibliographicGuide-BibliographicGuideUITests-checkManifestLockResult.txt",
			);
			runOnlyForDeploymentPostprocessing = 0;
			shellPath = /bin/sh;
			shellScript = "diff \"${PODS_PODFILE_DIR_PATH}/Podfile.lock\" \"${PODS_ROOT}/Manifest.lock\" > /dev/null\nif [ $? != 0 ] ; then\n    # print error to STDERR\n    echo \"error: The sandbox is not in sync with the Podfile.lock. Run 'pod install' or update your CocoaPods installation.\" >&2\n    exit 1\nfi\n# This output is used by Xcode 'outputs' to avoid re-running this script phase.\necho \"SUCCESS\" > \"${SCRIPT_OUTPUT_FILE_0}\"\n";
			showEnvVarsInLog = 0;
		};
		E0EFD5F59C8EA4F9BC56C715 /* [CP] Check Pods Manifest.lock */ = {
			isa = PBXShellScriptBuildPhase;
			buildActionMask = 2147483647;
			files = (
			);
			inputFileListPaths = (
			);
			inputPaths = (
				"${PODS_PODFILE_DIR_PATH}/Podfile.lock",
				"${PODS_ROOT}/Manifest.lock",
			);
			name = "[CP] Check Pods Manifest.lock";
			outputFileListPaths = (
			);
			outputPaths = (
				"$(DERIVED_FILE_DIR)/Pods-BibliographicGuideTests-checkManifestLockResult.txt",
			);
			runOnlyForDeploymentPostprocessing = 0;
			shellPath = /bin/sh;
			shellScript = "diff \"${PODS_PODFILE_DIR_PATH}/Podfile.lock\" \"${PODS_ROOT}/Manifest.lock\" > /dev/null\nif [ $? != 0 ] ; then\n    # print error to STDERR\n    echo \"error: The sandbox is not in sync with the Podfile.lock. Run 'pod install' or update your CocoaPods installation.\" >&2\n    exit 1\nfi\n# This output is used by Xcode 'outputs' to avoid re-running this script phase.\necho \"SUCCESS\" > \"${SCRIPT_OUTPUT_FILE_0}\"\n";
			showEnvVarsInLog = 0;
		};
		E8049812F122D95F67BA60FC /* [CP] Check Pods Manifest.lock */ = {
			isa = PBXShellScriptBuildPhase;
			buildActionMask = 2147483647;
			files = (
			);
			inputFileListPaths = (
			);
			inputPaths = (
				"${PODS_PODFILE_DIR_PATH}/Podfile.lock",
				"${PODS_ROOT}/Manifest.lock",
			);
			name = "[CP] Check Pods Manifest.lock";
			outputFileListPaths = (
			);
			outputPaths = (
				"$(DERIVED_FILE_DIR)/Pods-BibliographicGuide-checkManifestLockResult.txt",
			);
			runOnlyForDeploymentPostprocessing = 0;
			shellPath = /bin/sh;
			shellScript = "diff \"${PODS_PODFILE_DIR_PATH}/Podfile.lock\" \"${PODS_ROOT}/Manifest.lock\" > /dev/null\nif [ $? != 0 ] ; then\n    # print error to STDERR\n    echo \"error: The sandbox is not in sync with the Podfile.lock. Run 'pod install' or update your CocoaPods installation.\" >&2\n    exit 1\nfi\n# This output is used by Xcode 'outputs' to avoid re-running this script phase.\necho \"SUCCESS\" > \"${SCRIPT_OUTPUT_FILE_0}\"\n";
			showEnvVarsInLog = 0;
		};
		F1DCDB50319917754D64FE93 /* [CP] Embed Pods Frameworks */ = {
			isa = PBXShellScriptBuildPhase;
			buildActionMask = 2147483647;
			files = (
			);
			inputFileListPaths = (
				"${PODS_ROOT}/Target Support Files/Pods-BibliographicGuide/Pods-BibliographicGuide-frameworks-${CONFIGURATION}-input-files.xcfilelist",
			);
			name = "[CP] Embed Pods Frameworks";
			outputFileListPaths = (
				"${PODS_ROOT}/Target Support Files/Pods-BibliographicGuide/Pods-BibliographicGuide-frameworks-${CONFIGURATION}-output-files.xcfilelist",
			);
			runOnlyForDeploymentPostprocessing = 0;
			shellPath = /bin/sh;
			shellScript = "\"${PODS_ROOT}/Target Support Files/Pods-BibliographicGuide/Pods-BibliographicGuide-frameworks.sh\"\n";
			showEnvVarsInLog = 0;
		};
/* End PBXShellScriptBuildPhase section */

/* Begin PBXSourcesBuildPhase section */
		1132A01B29D3219C0007B181 /* Sources */ = {
			isa = PBXSourcesBuildPhase;
			buildActionMask = 2147483647;
			files = (
				1132A04F29D445DB0007B181 /* SettingsView.swift in Sources */,
				1132A05C29D849140007B181 /* RecordRepository.swift in Sources */,
				1132A02529D3219C0007B181 /* ContentView.swift in Sources */,
				1132A05E29D891A80007B181 /* Record.swift in Sources */,
				1132A02329D3219C0007B181 /* BibliographicGuideApp.swift in Sources */,
				1132A06229D89B210007B181 /* HomeView.swift in Sources */,
				1132A05529D7294E0007B181 /* SettingsViewModel.swift in Sources */,
				1132A06029D899DD0007B181 /* RecordListViewModel.swift in Sources */,
			);
			runOnlyForDeploymentPostprocessing = 0;
		};
		1132A02B29D3219E0007B181 /* Sources */ = {
			isa = PBXSourcesBuildPhase;
			buildActionMask = 2147483647;
			files = (
				1132A03429D3219E0007B181 /* BibliographicGuideTests.swift in Sources */,
			);
			runOnlyForDeploymentPostprocessing = 0;
		};
		1132A03529D3219E0007B181 /* Sources */ = {
			isa = PBXSourcesBuildPhase;
			buildActionMask = 2147483647;
			files = (
				1132A03E29D3219E0007B181 /* BibliographicGuideUITests.swift in Sources */,
				1132A04029D3219E0007B181 /* BibliographicGuideUITestsLaunchTests.swift in Sources */,
			);
			runOnlyForDeploymentPostprocessing = 0;
		};
/* End PBXSourcesBuildPhase section */

/* Begin PBXTargetDependency section */
		1132A03129D3219E0007B181 /* PBXTargetDependency */ = {
			isa = PBXTargetDependency;
			target = 1132A01E29D3219C0007B181 /* BibliographicGuide */;
			targetProxy = 1132A03029D3219E0007B181 /* PBXContainerItemProxy */;
		};
		1132A03B29D3219E0007B181 /* PBXTargetDependency */ = {
			isa = PBXTargetDependency;
			target = 1132A01E29D3219C0007B181 /* BibliographicGuide */;
			targetProxy = 1132A03A29D3219E0007B181 /* PBXContainerItemProxy */;
		};
/* End PBXTargetDependency section */

/* Begin XCBuildConfiguration section */
		1132A04129D3219E0007B181 /* Debug */ = {
			isa = XCBuildConfiguration;
			buildSettings = {
				ALWAYS_SEARCH_USER_PATHS = NO;
				CLANG_ANALYZER_NONNULL = YES;
				CLANG_ANALYZER_NUMBER_OBJECT_CONVERSION = YES_AGGRESSIVE;
				CLANG_CXX_LANGUAGE_STANDARD = "gnu++20";
				CLANG_ENABLE_MODULES = YES;
				CLANG_ENABLE_OBJC_ARC = YES;
				CLANG_ENABLE_OBJC_WEAK = YES;
				CLANG_WARN_BLOCK_CAPTURE_AUTORELEASING = YES;
				CLANG_WARN_BOOL_CONVERSION = YES;
				CLANG_WARN_COMMA = YES;
				CLANG_WARN_CONSTANT_CONVERSION = YES;
				CLANG_WARN_DEPRECATED_OBJC_IMPLEMENTATIONS = YES;
				CLANG_WARN_DIRECT_OBJC_ISA_USAGE = YES_ERROR;
				CLANG_WARN_DOCUMENTATION_COMMENTS = YES;
				CLANG_WARN_EMPTY_BODY = YES;
				CLANG_WARN_ENUM_CONVERSION = YES;
				CLANG_WARN_INFINITE_RECURSION = YES;
				CLANG_WARN_INT_CONVERSION = YES;
				CLANG_WARN_NON_LITERAL_NULL_CONVERSION = YES;
				CLANG_WARN_OBJC_IMPLICIT_RETAIN_SELF = YES;
				CLANG_WARN_OBJC_LITERAL_CONVERSION = YES;
				CLANG_WARN_OBJC_ROOT_CLASS = YES_ERROR;
				CLANG_WARN_QUOTED_INCLUDE_IN_FRAMEWORK_HEADER = YES;
				CLANG_WARN_RANGE_LOOP_ANALYSIS = YES;
				CLANG_WARN_STRICT_PROTOTYPES = YES;
				CLANG_WARN_SUSPICIOUS_MOVE = YES;
				CLANG_WARN_UNGUARDED_AVAILABILITY = YES_AGGRESSIVE;
				CLANG_WARN_UNREACHABLE_CODE = YES;
				CLANG_WARN__DUPLICATE_METHOD_MATCH = YES;
				COPY_PHASE_STRIP = NO;
				DEBUG_INFORMATION_FORMAT = dwarf;
				ENABLE_STRICT_OBJC_MSGSEND = YES;
				ENABLE_TESTABILITY = YES;
				GCC_C_LANGUAGE_STANDARD = gnu11;
				GCC_DYNAMIC_NO_PIC = NO;
				GCC_NO_COMMON_BLOCKS = YES;
				GCC_OPTIMIZATION_LEVEL = 0;
				GCC_PREPROCESSOR_DEFINITIONS = (
					"DEBUG=1",
					"$(inherited)",
				);
				GCC_WARN_64_TO_32_BIT_CONVERSION = YES;
				GCC_WARN_ABOUT_RETURN_TYPE = YES_ERROR;
				GCC_WARN_UNDECLARED_SELECTOR = YES;
				GCC_WARN_UNINITIALIZED_AUTOS = YES_AGGRESSIVE;
				GCC_WARN_UNUSED_FUNCTION = YES;
				GCC_WARN_UNUSED_VARIABLE = YES;
				IPHONEOS_DEPLOYMENT_TARGET = 16.2;
				MTL_ENABLE_DEBUG_INFO = INCLUDE_SOURCE;
				MTL_FAST_MATH = YES;
				ONLY_ACTIVE_ARCH = YES;
				SDKROOT = iphoneos;
				SWIFT_ACTIVE_COMPILATION_CONDITIONS = DEBUG;
				SWIFT_OPTIMIZATION_LEVEL = "-Onone";
			};
			name = Debug;
		};
		1132A04229D3219E0007B181 /* Release */ = {
			isa = XCBuildConfiguration;
			buildSettings = {
				ALWAYS_SEARCH_USER_PATHS = NO;
				CLANG_ANALYZER_NONNULL = YES;
				CLANG_ANALYZER_NUMBER_OBJECT_CONVERSION = YES_AGGRESSIVE;
				CLANG_CXX_LANGUAGE_STANDARD = "gnu++20";
				CLANG_ENABLE_MODULES = YES;
				CLANG_ENABLE_OBJC_ARC = YES;
				CLANG_ENABLE_OBJC_WEAK = YES;
				CLANG_WARN_BLOCK_CAPTURE_AUTORELEASING = YES;
				CLANG_WARN_BOOL_CONVERSION = YES;
				CLANG_WARN_COMMA = YES;
				CLANG_WARN_CONSTANT_CONVERSION = YES;
				CLANG_WARN_DEPRECATED_OBJC_IMPLEMENTATIONS = YES;
				CLANG_WARN_DIRECT_OBJC_ISA_USAGE = YES_ERROR;
				CLANG_WARN_DOCUMENTATION_COMMENTS = YES;
				CLANG_WARN_EMPTY_BODY = YES;
				CLANG_WARN_ENUM_CONVERSION = YES;
				CLANG_WARN_INFINITE_RECURSION = YES;
				CLANG_WARN_INT_CONVERSION = YES;
				CLANG_WARN_NON_LITERAL_NULL_CONVERSION = YES;
				CLANG_WARN_OBJC_IMPLICIT_RETAIN_SELF = YES;
				CLANG_WARN_OBJC_LITERAL_CONVERSION = YES;
				CLANG_WARN_OBJC_ROOT_CLASS = YES_ERROR;
				CLANG_WARN_QUOTED_INCLUDE_IN_FRAMEWORK_HEADER = YES;
				CLANG_WARN_RANGE_LOOP_ANALYSIS = YES;
				CLANG_WARN_STRICT_PROTOTYPES = YES;
				CLANG_WARN_SUSPICIOUS_MOVE = YES;
				CLANG_WARN_UNGUARDED_AVAILABILITY = YES_AGGRESSIVE;
				CLANG_WARN_UNREACHABLE_CODE = YES;
				CLANG_WARN__DUPLICATE_METHOD_MATCH = YES;
				COPY_PHASE_STRIP = NO;
				DEBUG_INFORMATION_FORMAT = "dwarf-with-dsym";
				ENABLE_NS_ASSERTIONS = NO;
				ENABLE_STRICT_OBJC_MSGSEND = YES;
				GCC_C_LANGUAGE_STANDARD = gnu11;
				GCC_NO_COMMON_BLOCKS = YES;
				GCC_WARN_64_TO_32_BIT_CONVERSION = YES;
				GCC_WARN_ABOUT_RETURN_TYPE = YES_ERROR;
				GCC_WARN_UNDECLARED_SELECTOR = YES;
				GCC_WARN_UNINITIALIZED_AUTOS = YES_AGGRESSIVE;
				GCC_WARN_UNUSED_FUNCTION = YES;
				GCC_WARN_UNUSED_VARIABLE = YES;
				IPHONEOS_DEPLOYMENT_TARGET = 16.2;
				MTL_ENABLE_DEBUG_INFO = NO;
				MTL_FAST_MATH = YES;
				SDKROOT = iphoneos;
				SWIFT_COMPILATION_MODE = wholemodule;
				SWIFT_OPTIMIZATION_LEVEL = "-O";
				VALIDATE_PRODUCT = YES;
			};
			name = Release;
		};
		1132A04429D3219E0007B181 /* Debug */ = {
			isa = XCBuildConfiguration;
			baseConfigurationReference = 57888CDBC96114F9CA898EC2 /* Pods-BibliographicGuide.debug.xcconfig */;
			buildSettings = {
				ASSETCATALOG_COMPILER_APPICON_NAME = AppIcon;
				ASSETCATALOG_COMPILER_GLOBAL_ACCENT_COLOR_NAME = AccentColor;
				CODE_SIGN_STYLE = Automatic;
				CURRENT_PROJECT_VERSION = 1;
				DEVELOPMENT_ASSET_PATHS = "\"BibliographicGuide/Preview Content\"";
				ENABLE_PREVIEWS = YES;
				GENERATE_INFOPLIST_FILE = YES;
				INFOPLIST_KEY_UIApplicationSceneManifest_Generation = YES;
				INFOPLIST_KEY_UIApplicationSupportsIndirectInputEvents = YES;
				INFOPLIST_KEY_UILaunchScreen_Generation = YES;
				INFOPLIST_KEY_UISupportedInterfaceOrientations_iPad = "UIInterfaceOrientationPortrait UIInterfaceOrientationPortraitUpsideDown UIInterfaceOrientationLandscapeLeft UIInterfaceOrientationLandscapeRight";
				INFOPLIST_KEY_UISupportedInterfaceOrientations_iPhone = "UIInterfaceOrientationPortrait UIInterfaceOrientationLandscapeLeft UIInterfaceOrientationLandscapeRight";
				LD_RUNPATH_SEARCH_PATHS = (
					"$(inherited)",
					"@executable_path/Frameworks",
				);
				MARKETING_VERSION = 1.0;
				PRODUCT_BUNDLE_IDENTIFIER = PulatovAleksandr.BibliographicGuide;
				PRODUCT_NAME = "$(TARGET_NAME)";
				SWIFT_EMIT_LOC_STRINGS = YES;
				SWIFT_VERSION = 5.0;
				TARGETED_DEVICE_FAMILY = "1,2";
			};
			name = Debug;
		};
		1132A04529D3219E0007B181 /* Release */ = {
			isa = XCBuildConfiguration;
			baseConfigurationReference = D0D33DDD40CD3472118C4A20 /* Pods-BibliographicGuide.release.xcconfig */;
			buildSettings = {
				ASSETCATALOG_COMPILER_APPICON_NAME = AppIcon;
				ASSETCATALOG_COMPILER_GLOBAL_ACCENT_COLOR_NAME = AccentColor;
				CODE_SIGN_STYLE = Automatic;
				CURRENT_PROJECT_VERSION = 1;
				DEVELOPMENT_ASSET_PATHS = "\"BibliographicGuide/Preview Content\"";
				ENABLE_PREVIEWS = YES;
				GENERATE_INFOPLIST_FILE = YES;
				INFOPLIST_KEY_UIApplicationSceneManifest_Generation = YES;
				INFOPLIST_KEY_UIApplicationSupportsIndirectInputEvents = YES;
				INFOPLIST_KEY_UILaunchScreen_Generation = YES;
				INFOPLIST_KEY_UISupportedInterfaceOrientations_iPad = "UIInterfaceOrientationPortrait UIInterfaceOrientationPortraitUpsideDown UIInterfaceOrientationLandscapeLeft UIInterfaceOrientationLandscapeRight";
				INFOPLIST_KEY_UISupportedInterfaceOrientations_iPhone = "UIInterfaceOrientationPortrait UIInterfaceOrientationLandscapeLeft UIInterfaceOrientationLandscapeRight";
				LD_RUNPATH_SEARCH_PATHS = (
					"$(inherited)",
					"@executable_path/Frameworks",
				);
				MARKETING_VERSION = 1.0;
				PRODUCT_BUNDLE_IDENTIFIER = PulatovAleksandr.BibliographicGuide;
				PRODUCT_NAME = "$(TARGET_NAME)";
				SWIFT_EMIT_LOC_STRINGS = YES;
				SWIFT_VERSION = 5.0;
				TARGETED_DEVICE_FAMILY = "1,2";
			};
			name = Release;
		};
		1132A04729D3219E0007B181 /* Debug */ = {
			isa = XCBuildConfiguration;
			baseConfigurationReference = 6E4E73C4B73BD9799F2FE586 /* Pods-BibliographicGuideTests.debug.xcconfig */;
			buildSettings = {
				ALWAYS_EMBED_SWIFT_STANDARD_LIBRARIES = YES;
				BUNDLE_LOADER = "$(TEST_HOST)";
				CODE_SIGN_STYLE = Automatic;
				CURRENT_PROJECT_VERSION = 1;
				GENERATE_INFOPLIST_FILE = YES;
				IPHONEOS_DEPLOYMENT_TARGET = 16.2;
				MARKETING_VERSION = 1.0;
				PRODUCT_BUNDLE_IDENTIFIER = PulatovAleksandr.BibliographicGuideTests;
				PRODUCT_NAME = "$(TARGET_NAME)";
				SWIFT_EMIT_LOC_STRINGS = NO;
				SWIFT_VERSION = 5.0;
				TARGETED_DEVICE_FAMILY = "1,2";
				TEST_HOST = "$(BUILT_PRODUCTS_DIR)/BibliographicGuide.app/$(BUNDLE_EXECUTABLE_FOLDER_PATH)/BibliographicGuide";
			};
			name = Debug;
		};
		1132A04829D3219E0007B181 /* Release */ = {
			isa = XCBuildConfiguration;
			baseConfigurationReference = 0363E4EA9CA194B1C5D7151D /* Pods-BibliographicGuideTests.release.xcconfig */;
			buildSettings = {
				ALWAYS_EMBED_SWIFT_STANDARD_LIBRARIES = YES;
				BUNDLE_LOADER = "$(TEST_HOST)";
				CODE_SIGN_STYLE = Automatic;
				CURRENT_PROJECT_VERSION = 1;
				GENERATE_INFOPLIST_FILE = YES;
				IPHONEOS_DEPLOYMENT_TARGET = 16.2;
				MARKETING_VERSION = 1.0;
				PRODUCT_BUNDLE_IDENTIFIER = PulatovAleksandr.BibliographicGuideTests;
				PRODUCT_NAME = "$(TARGET_NAME)";
				SWIFT_EMIT_LOC_STRINGS = NO;
				SWIFT_VERSION = 5.0;
				TARGETED_DEVICE_FAMILY = "1,2";
				TEST_HOST = "$(BUILT_PRODUCTS_DIR)/BibliographicGuide.app/$(BUNDLE_EXECUTABLE_FOLDER_PATH)/BibliographicGuide";
			};
			name = Release;
		};
		1132A04A29D3219E0007B181 /* Debug */ = {
			isa = XCBuildConfiguration;
			baseConfigurationReference = 241C83635DC8BC995E701B01 /* Pods-BibliographicGuide-BibliographicGuideUITests.debug.xcconfig */;
			buildSettings = {
				ALWAYS_EMBED_SWIFT_STANDARD_LIBRARIES = YES;
				CODE_SIGN_STYLE = Automatic;
				CURRENT_PROJECT_VERSION = 1;
				GENERATE_INFOPLIST_FILE = YES;
				MARKETING_VERSION = 1.0;
				PRODUCT_BUNDLE_IDENTIFIER = PulatovAleksandr.BibliographicGuideUITests;
				PRODUCT_NAME = "$(TARGET_NAME)";
				SWIFT_EMIT_LOC_STRINGS = NO;
				SWIFT_VERSION = 5.0;
				TARGETED_DEVICE_FAMILY = "1,2";
				TEST_TARGET_NAME = BibliographicGuide;
			};
			name = Debug;
		};
		1132A04B29D3219E0007B181 /* Release */ = {
			isa = XCBuildConfiguration;
			baseConfigurationReference = 3BF3DF8CD7A06B44BA0C0176 /* Pods-BibliographicGuide-BibliographicGuideUITests.release.xcconfig */;
			buildSettings = {
				ALWAYS_EMBED_SWIFT_STANDARD_LIBRARIES = YES;
				CODE_SIGN_STYLE = Automatic;
				CURRENT_PROJECT_VERSION = 1;
				GENERATE_INFOPLIST_FILE = YES;
				MARKETING_VERSION = 1.0;
				PRODUCT_BUNDLE_IDENTIFIER = PulatovAleksandr.BibliographicGuideUITests;
				PRODUCT_NAME = "$(TARGET_NAME)";
				SWIFT_EMIT_LOC_STRINGS = NO;
				SWIFT_VERSION = 5.0;
				TARGETED_DEVICE_FAMILY = "1,2";
				TEST_TARGET_NAME = BibliographicGuide;
			};
			name = Release;
		};
/* End XCBuildConfiguration section */

/* Begin XCConfigurationList section */
		1132A01A29D3219C0007B181 /* Build configuration list for PBXProject "BibliographicGuide" */ = {
			isa = XCConfigurationList;
			buildConfigurations = (
				1132A04129D3219E0007B181 /* Debug */,
				1132A04229D3219E0007B181 /* Release */,
			);
			defaultConfigurationIsVisible = 0;
			defaultConfigurationName = Release;
		};
		1132A04329D3219E0007B181 /* Build configuration list for PBXNativeTarget "BibliographicGuide" */ = {
			isa = XCConfigurationList;
			buildConfigurations = (
				1132A04429D3219E0007B181 /* Debug */,
				1132A04529D3219E0007B181 /* Release */,
			);
			defaultConfigurationIsVisible = 0;
			defaultConfigurationName = Release;
		};
		1132A04629D3219E0007B181 /* Build configuration list for PBXNativeTarget "BibliographicGuideTests" */ = {
			isa = XCConfigurationList;
			buildConfigurations = (
				1132A04729D3219E0007B181 /* Debug */,
				1132A04829D3219E0007B181 /* Release */,
			);
			defaultConfigurationIsVisible = 0;
			defaultConfigurationName = Release;
		};
		1132A04929D3219E0007B181 /* Build configuration list for PBXNativeTarget "BibliographicGuideUITests" */ = {
			isa = XCConfigurationList;
			buildConfigurations = (
				1132A04A29D3219E0007B181 /* Debug */,
				1132A04B29D3219E0007B181 /* Release */,
			);
			defaultConfigurationIsVisible = 0;
			defaultConfigurationName = Release;
		};
/* End XCConfigurationList section */
	};
	rootObject = 1132A01729D3219C0007B181 /* Project object */;
}
