// !$*UTF8*$!
{
	archiveVersion = 1;
	classes = {
	};
	objectVersion = 56;
	objects = {

/* Begin PBXBuildFile section */
		0A19A67CD6F2C51595BCE216 /* Pods_BibliographicGuide_BibliographicGuideUITests.framework in Frameworks */ = {isa = PBXBuildFile; fileRef = C75E5EE4C2B41C6191C4E86B /* Pods_BibliographicGuide_BibliographicGuideUITests.framework */; };
		1126AD9F29F132BB00A210BF /* KeywordsView.swift in Sources */ = {isa = PBXBuildFile; fileRef = 1126AD9E29F132BB00A210BF /* KeywordsView.swift */; };
		1126ADA229F1353100A210BF /* UsersRightsView.swift in Sources */ = {isa = PBXBuildFile; fileRef = 1126ADA129F1353100A210BF /* UsersRightsView.swift */; };
		1126ADA429F1393100A210BF /* UserRightsView.swift in Sources */ = {isa = PBXBuildFile; fileRef = 1126ADA329F1393100A210BF /* UserRightsView.swift */; };
		11274D962A07AEFF008B9EF0 /* MessageChangeView.swift in Sources */ = {isa = PBXBuildFile; fileRef = 11274D952A07AEFF008B9EF0 /* MessageChangeView.swift */; };
		11274D982A07AFA1008B9EF0 /* MessageReplyView.swift in Sources */ = {isa = PBXBuildFile; fileRef = 11274D972A07AFA1008B9EF0 /* MessageReplyView.swift */; };
		11274D9A2A0849B1008B9EF0 /* SelectedMessageImagesView.swift in Sources */ = {isa = PBXBuildFile; fileRef = 11274D992A0849B1008B9EF0 /* SelectedMessageImagesView.swift */; };
		11274D9D2A08574A008B9EF0 /* SelectedMessageImageView.swift in Sources */ = {isa = PBXBuildFile; fileRef = 11274D9C2A08574A008B9EF0 /* SelectedMessageImageView.swift */; };
		11274DA02A091D82008B9EF0 /* MessageImages.swift in Sources */ = {isa = PBXBuildFile; fileRef = 11274D9F2A091D82008B9EF0 /* MessageImages.swift */; };
		11274DA42A095E31008B9EF0 /* MessageFullSizeImageView.swift in Sources */ = {isa = PBXBuildFile; fileRef = 11274DA32A095E31008B9EF0 /* MessageFullSizeImageView.swift */; };
		11274DA62A0A7105008B9EF0 /* LoaderView.swift in Sources */ = {isa = PBXBuildFile; fileRef = 11274DA52A0A7105008B9EF0 /* LoaderView.swift */; };
		11274DAC2A0D4EB0008B9EF0 /* AppViewModel.swift in Sources */ = {isa = PBXBuildFile; fileRef = 11274DAB2A0D4EB0008B9EF0 /* AppViewModel.swift */; };
		11274DB02A0D9614008B9EF0 /* FirstPageCreateRecordView.swift in Sources */ = {isa = PBXBuildFile; fileRef = 11274DAF2A0D9614008B9EF0 /* FirstPageCreateRecordView.swift */; };
		11274DB22A0D9630008B9EF0 /* SecondPageCreateRecord.swift in Sources */ = {isa = PBXBuildFile; fileRef = 11274DB12A0D9630008B9EF0 /* SecondPageCreateRecord.swift */; };
		11274DB42A0D99D4008B9EF0 /* CreateRecordView.swift in Sources */ = {isa = PBXBuildFile; fileRef = 11274DB32A0D99D4008B9EF0 /* CreateRecordView.swift */; };
		11274DB92A0E3BC3008B9EF0 /* KeywordSelectionView.swift in Sources */ = {isa = PBXBuildFile; fileRef = 11274DB82A0E3BC2008B9EF0 /* KeywordSelectionView.swift */; };
		11274DBB2A0E52C8008B9EF0 /* SearchBarCreateView.swift in Sources */ = {isa = PBXBuildFile; fileRef = 11274DBA2A0E52C8008B9EF0 /* SearchBarCreateView.swift */; };
		11274DC02A0E5D2C008B9EF0 /* KeywordsSelectionCreateView.swift in Sources */ = {isa = PBXBuildFile; fileRef = 11274DBF2A0E5D2C008B9EF0 /* KeywordsSelectionCreateView.swift */; };
		11274DC22A0E5E2A008B9EF0 /* KeywordsSelectionSearchView.swift in Sources */ = {isa = PBXBuildFile; fileRef = 11274DC12A0E5E2A008B9EF0 /* KeywordsSelectionSearchView.swift */; };
		11274DC42A0FA86C008B9EF0 /* CreateReportView.swift in Sources */ = {isa = PBXBuildFile; fileRef = 11274DC32A0FA86C008B9EF0 /* CreateReportView.swift */; };
		1132A02329D3219C0007B181 /* AppView.swift in Sources */ = {isa = PBXBuildFile; fileRef = 1132A02229D3219C0007B181 /* AppView.swift */; };
		1132A02729D3219D0007B181 /* Assets.xcassets in Resources */ = {isa = PBXBuildFile; fileRef = 1132A02629D3219D0007B181 /* Assets.xcassets */; };
		1132A02A29D3219D0007B181 /* Preview Assets.xcassets in Resources */ = {isa = PBXBuildFile; fileRef = 1132A02929D3219D0007B181 /* Preview Assets.xcassets */; };
		1132A03429D3219E0007B181 /* BibliographicGuideTests.swift in Sources */ = {isa = PBXBuildFile; fileRef = 1132A03329D3219E0007B181 /* BibliographicGuideTests.swift */; };
		1132A03E29D3219E0007B181 /* BibliographicGuideUITests.swift in Sources */ = {isa = PBXBuildFile; fileRef = 1132A03D29D3219E0007B181 /* BibliographicGuideUITests.swift */; };
		1132A04029D3219E0007B181 /* BibliographicGuideUITestsLaunchTests.swift in Sources */ = {isa = PBXBuildFile; fileRef = 1132A03F29D3219E0007B181 /* BibliographicGuideUITestsLaunchTests.swift */; };
		1132A04F29D445DB0007B181 /* SettingsView.swift in Sources */ = {isa = PBXBuildFile; fileRef = 1132A04E29D445DB0007B181 /* SettingsView.swift */; };
		1132A05929D7392F0007B181 /* GoogleService-Info.plist in Resources */ = {isa = PBXBuildFile; fileRef = 1132A05829D7392F0007B181 /* GoogleService-Info.plist */; };
		1132A05C29D849140007B181 /* RecordRepository.swift in Sources */ = {isa = PBXBuildFile; fileRef = 1132A05B29D849140007B181 /* RecordRepository.swift */; };
		1132A05E29D891A80007B181 /* Record.swift in Sources */ = {isa = PBXBuildFile; fileRef = 1132A05D29D891A80007B181 /* Record.swift */; };
		1132A06029D899DD0007B181 /* RecordListViewModel.swift in Sources */ = {isa = PBXBuildFile; fileRef = 1132A05F29D899DD0007B181 /* RecordListViewModel.swift */; };
		1132A06229D89B210007B181 /* RecordListView.swift in Sources */ = {isa = PBXBuildFile; fileRef = 1132A06129D89B210007B181 /* RecordListView.swift */; };
		1132A06529DAF1B70007B181 /* RecordView.swift in Sources */ = {isa = PBXBuildFile; fileRef = 1132A06429DAF1B70007B181 /* RecordView.swift */; };
		1132A06929DAF2610007B181 /* RecordViewModel.swift in Sources */ = {isa = PBXBuildFile; fileRef = 1132A06829DAF2610007B181 /* RecordViewModel.swift */; };
		1132A06E29DAFED20007B181 /* AuthorizationView.swift in Sources */ = {isa = PBXBuildFile; fileRef = 1132A06D29DAFED20007B181 /* AuthorizationView.swift */; };
		1132A07029DAFF870007B181 /* RegistrationView.swift in Sources */ = {isa = PBXBuildFile; fileRef = 1132A06F29DAFF870007B181 /* RegistrationView.swift */; };
		1132A07329DB003C0007B181 /* AuthorizationViewModel.swift in Sources */ = {isa = PBXBuildFile; fileRef = 1132A07229DB003C0007B181 /* AuthorizationViewModel.swift */; };
		1132A07529DB00CD0007B181 /* AuthorizationRepository.swift in Sources */ = {isa = PBXBuildFile; fileRef = 1132A07429DB00CD0007B181 /* AuthorizationRepository.swift */; };
		1132A07929DB3E610007B181 /* UserInformationListViewModel.swift in Sources */ = {isa = PBXBuildFile; fileRef = 1132A07829DB3E610007B181 /* UserInformationListViewModel.swift */; };
		1132A08129DC4C1B0007B181 /* MessageRepository.swift in Sources */ = {isa = PBXBuildFile; fileRef = 1132A08029DC4C1B0007B181 /* MessageRepository.swift */; };
		1132A08329DC4CC40007B181 /* Message.swift in Sources */ = {isa = PBXBuildFile; fileRef = 1132A08229DC4CC40007B181 /* Message.swift */; };
		1132A08B29DC4FFC0007B181 /* MessageListView.swift in Sources */ = {isa = PBXBuildFile; fileRef = 1132A08A29DC4FFC0007B181 /* MessageListView.swift */; };
		1132A08E29DC52270007B181 /* MessageListViewModel.swift in Sources */ = {isa = PBXBuildFile; fileRef = 1132A08D29DC52270007B181 /* MessageListViewModel.swift */; };
		1132A09029DC565A0007B181 /* MessageViewModel.swift in Sources */ = {isa = PBXBuildFile; fileRef = 1132A08F29DC565A0007B181 /* MessageViewModel.swift */; };
		1132A09229DC58370007B181 /* MessageView.swift in Sources */ = {isa = PBXBuildFile; fileRef = 1132A09129DC58370007B181 /* MessageView.swift */; };
		1132A09429DD96CA0007B181 /* UserInformation.swift in Sources */ = {isa = PBXBuildFile; fileRef = 1132A09329DD96CA0007B181 /* UserInformation.swift */; };
		1132A09629DD9A7F0007B181 /* UserInformationRepository.swift in Sources */ = {isa = PBXBuildFile; fileRef = 1132A09529DD9A7F0007B181 /* UserInformationRepository.swift */; };
		1132A09829DDA2430007B181 /* RegistrationViewModel.swift in Sources */ = {isa = PBXBuildFile; fileRef = 1132A09729DDA2430007B181 /* RegistrationViewModel.swift */; };
		1132A09A29DDBF980007B181 /* UserInformationViewModel.swift in Sources */ = {isa = PBXBuildFile; fileRef = 1132A09929DDBF980007B181 /* UserInformationViewModel.swift */; };
		1132A09D29E01C6C0007B181 /* IncomingMessageView.swift in Sources */ = {isa = PBXBuildFile; fileRef = 1132A09C29E01C6C0007B181 /* IncomingMessageView.swift */; };
		1132A09F29E01C9F0007B181 /* OutgoingMessageView.swift in Sources */ = {isa = PBXBuildFile; fileRef = 1132A09E29E01C9F0007B181 /* OutgoingMessageView.swift */; };
		1148681329E7075F00C698D6 /* IncomingMessageEditingView.swift in Sources */ = {isa = PBXBuildFile; fileRef = 1148681229E7075F00C698D6 /* IncomingMessageEditingView.swift */; };
		1148681529E7077200C698D6 /* OutgoingMessageEditingView.swift in Sources */ = {isa = PBXBuildFile; fileRef = 1148681429E7077200C698D6 /* OutgoingMessageEditingView.swift */; };
		1148681729ED5A7F00C698D6 /* RecordPageView.swift in Sources */ = {isa = PBXBuildFile; fileRef = 1148681629ED5A7E00C698D6 /* RecordPageView.swift */; };
		1148681A29EDE16400C698D6 /* DescriptionRecordPageView.swift in Sources */ = {isa = PBXBuildFile; fileRef = 1148681929EDE16400C698D6 /* DescriptionRecordPageView.swift */; };
		1148682029EE03B300C698D6 /* CreateRecordViewModel.swift in Sources */ = {isa = PBXBuildFile; fileRef = 1148681F29EE03B300C698D6 /* CreateRecordViewModel.swift */; };
		1148682229EEAF1300C698D6 /* TopFiveRecordsView.swift in Sources */ = {isa = PBXBuildFile; fileRef = 1148682129EEAF1300C698D6 /* TopFiveRecordsView.swift */; };
		1148682429EEB3CF00C698D6 /* SearchBarView.swift in Sources */ = {isa = PBXBuildFile; fileRef = 1148682329EEB3CF00C698D6 /* SearchBarView.swift */; };
		1148682629F0036D00C698D6 /* ImagePicker.swift in Sources */ = {isa = PBXBuildFile; fileRef = 1148682529F0036D00C698D6 /* ImagePicker.swift */; };
		1148682B29F00FFA00C698D6 /* InformationDOI.swift in Sources */ = {isa = PBXBuildFile; fileRef = 1148682A29F00FFA00C698D6 /* InformationDOI.swift */; };
		1148682D29F0889100C698D6 /* EditingRecordView.swift in Sources */ = {isa = PBXBuildFile; fileRef = 1148682C29F0889100C698D6 /* EditingRecordView.swift */; };
		1148683229F0A79200C698D6 /* ReportView.swift in Sources */ = {isa = PBXBuildFile; fileRef = 1148683129F0A79200C698D6 /* ReportView.swift */; };
		1148683429F0A7A400C698D6 /* ReportViewModel.swift in Sources */ = {isa = PBXBuildFile; fileRef = 1148683329F0A7A400C698D6 /* ReportViewModel.swift */; };
		1148683729F0A9FA00C698D6 /* PdfPreviewView.swift in Sources */ = {isa = PBXBuildFile; fileRef = 1148683629F0A9FA00C698D6 /* PdfPreviewView.swift */; };
		1148683A29F0AA9200C698D6 /* PdfViewUI.swift in Sources */ = {isa = PBXBuildFile; fileRef = 1148683929F0AA9200C698D6 /* PdfViewUI.swift */; };
		1148683C29F0AAC700C698D6 /* ShareView.swift in Sources */ = {isa = PBXBuildFile; fileRef = 1148683B29F0AAC700C698D6 /* ShareView.swift */; };
		1148683E29F0AF9700C698D6 /* PdfCreator.swift in Sources */ = {isa = PBXBuildFile; fileRef = 1148683D29F0AF9700C698D6 /* PdfCreator.swift */; };
		11639A442A0575DE00933103 /* RecordDescriptionView.swift in Sources */ = {isa = PBXBuildFile; fileRef = 1132A07B29DB506C0007B181 /* RecordDescriptionView.swift */; };
		116A631729F868400024C357 /* Report.swift in Sources */ = {isa = PBXBuildFile; fileRef = 116A631629F868400024C357 /* Report.swift */; };
		116A631D29FE8A380024C357 /* KeywordSearchBarView.swift in Sources */ = {isa = PBXBuildFile; fileRef = 116A631C29FE8A380024C357 /* KeywordSearchBarView.swift */; };
		116A631F29FE8A880024C357 /* Keyword.swift in Sources */ = {isa = PBXBuildFile; fileRef = 116A631E29FE8A880024C357 /* Keyword.swift */; };
		116A632129FE8AFD0024C357 /* KeywordRepository.swift in Sources */ = {isa = PBXBuildFile; fileRef = 116A632029FE8AFD0024C357 /* KeywordRepository.swift */; };
		116A632329FFED450024C357 /* KeywordView.swift in Sources */ = {isa = PBXBuildFile; fileRef = 116A632229FFED450024C357 /* KeywordView.swift */; };
		116A63262A02B9140024C357 /* ColorHex.swift in Sources */ = {isa = PBXBuildFile; fileRef = 116A63252A02B9140024C357 /* ColorHex.swift */; };
		8E2EDA666BF49964DFE1B02E /* Pods_BibliographicGuide.framework in Frameworks */ = {isa = PBXBuildFile; fileRef = 7A17856A9ED342D36391D4E7 /* Pods_BibliographicGuide.framework */; };
		C79F79CD4CD1D2DE9CB5E0AB /* Pods_BibliographicGuideTests.framework in Frameworks */ = {isa = PBXBuildFile; fileRef = 9E5B84D1332C25EDC27E7512 /* Pods_BibliographicGuideTests.framework */; };
/* End PBXBuildFile section */

/* Begin PBXContainerItemProxy section */
		1132A03029D3219E0007B181 /* PBXContainerItemProxy */ = {
			isa = PBXContainerItemProxy;
			containerPortal = 1132A01729D3219C0007B181 /* Project object */;
			proxyType = 1;
			remoteGlobalIDString = 1132A01E29D3219C0007B181;
			remoteInfo = BibliographicGuide;
		};
		1132A03A29D3219E0007B181 /* PBXContainerItemProxy */ = {
			isa = PBXContainerItemProxy;
			containerPortal = 1132A01729D3219C0007B181 /* Project object */;
			proxyType = 1;
			remoteGlobalIDString = 1132A01E29D3219C0007B181;
			remoteInfo = BibliographicGuide;
		};
/* End PBXContainerItemProxy section */

/* Begin PBXFileReference section */
		0363E4EA9CA194B1C5D7151D /* Pods-BibliographicGuideTests.release.xcconfig */ = {isa = PBXFileReference; includeInIndex = 1; lastKnownFileType = text.xcconfig; name = "Pods-BibliographicGuideTests.release.xcconfig"; path = "Target Support Files/Pods-BibliographicGuideTests/Pods-BibliographicGuideTests.release.xcconfig"; sourceTree = "<group>"; };
		1126AD9E29F132BB00A210BF /* KeywordsView.swift */ = {isa = PBXFileReference; lastKnownFileType = sourcecode.swift; path = KeywordsView.swift; sourceTree = "<group>"; };
		1126ADA129F1353100A210BF /* UsersRightsView.swift */ = {isa = PBXFileReference; lastKnownFileType = sourcecode.swift; path = UsersRightsView.swift; sourceTree = "<group>"; };
		1126ADA329F1393100A210BF /* UserRightsView.swift */ = {isa = PBXFileReference; lastKnownFileType = sourcecode.swift; path = UserRightsView.swift; sourceTree = "<group>"; };
		11274D952A07AEFF008B9EF0 /* MessageChangeView.swift */ = {isa = PBXFileReference; lastKnownFileType = sourcecode.swift; path = MessageChangeView.swift; sourceTree = "<group>"; };
		11274D972A07AFA1008B9EF0 /* MessageReplyView.swift */ = {isa = PBXFileReference; lastKnownFileType = sourcecode.swift; path = MessageReplyView.swift; sourceTree = "<group>"; };
		11274D992A0849B1008B9EF0 /* SelectedMessageImagesView.swift */ = {isa = PBXFileReference; lastKnownFileType = sourcecode.swift; path = SelectedMessageImagesView.swift; sourceTree = "<group>"; };
		11274D9C2A08574A008B9EF0 /* SelectedMessageImageView.swift */ = {isa = PBXFileReference; lastKnownFileType = sourcecode.swift; path = SelectedMessageImageView.swift; sourceTree = "<group>"; };
		11274D9F2A091D82008B9EF0 /* MessageImages.swift */ = {isa = PBXFileReference; lastKnownFileType = sourcecode.swift; path = MessageImages.swift; sourceTree = "<group>"; };
		11274DA32A095E31008B9EF0 /* MessageFullSizeImageView.swift */ = {isa = PBXFileReference; lastKnownFileType = sourcecode.swift; path = MessageFullSizeImageView.swift; sourceTree = "<group>"; };
		11274DA52A0A7105008B9EF0 /* LoaderView.swift */ = {isa = PBXFileReference; lastKnownFileType = sourcecode.swift; path = LoaderView.swift; sourceTree = "<group>"; };
		11274DAB2A0D4EB0008B9EF0 /* AppViewModel.swift */ = {isa = PBXFileReference; lastKnownFileType = sourcecode.swift; path = AppViewModel.swift; sourceTree = "<group>"; };
		11274DAF2A0D9614008B9EF0 /* FirstPageCreateRecordView.swift */ = {isa = PBXFileReference; lastKnownFileType = sourcecode.swift; path = FirstPageCreateRecordView.swift; sourceTree = "<group>"; };
		11274DB12A0D9630008B9EF0 /* SecondPageCreateRecord.swift */ = {isa = PBXFileReference; lastKnownFileType = sourcecode.swift; path = SecondPageCreateRecord.swift; sourceTree = "<group>"; };
		11274DB32A0D99D4008B9EF0 /* CreateRecordView.swift */ = {isa = PBXFileReference; lastKnownFileType = sourcecode.swift; path = CreateRecordView.swift; sourceTree = "<group>"; };
		11274DB82A0E3BC2008B9EF0 /* KeywordSelectionView.swift */ = {isa = PBXFileReference; lastKnownFileType = sourcecode.swift; path = KeywordSelectionView.swift; sourceTree = "<group>"; };
		11274DBA2A0E52C8008B9EF0 /* SearchBarCreateView.swift */ = {isa = PBXFileReference; lastKnownFileType = sourcecode.swift; path = SearchBarCreateView.swift; sourceTree = "<group>"; };
		11274DBF2A0E5D2C008B9EF0 /* KeywordsSelectionCreateView.swift */ = {isa = PBXFileReference; lastKnownFileType = sourcecode.swift; path = KeywordsSelectionCreateView.swift; sourceTree = "<group>"; };
		11274DC12A0E5E2A008B9EF0 /* KeywordsSelectionSearchView.swift */ = {isa = PBXFileReference; lastKnownFileType = sourcecode.swift; name = KeywordsSelectionSearchView.swift; path = BibliographicGuide/Views/Create/Pages/KeywordsSelectionSearchView.swift; sourceTree = SOURCE_ROOT; };
		11274DC32A0FA86C008B9EF0 /* CreateReportView.swift */ = {isa = PBXFileReference; lastKnownFileType = sourcecode.swift; path = CreateReportView.swift; sourceTree = "<group>"; };
		1132A01F29D3219C0007B181 /* BibliographicGuide.app */ = {isa = PBXFileReference; explicitFileType = wrapper.application; includeInIndex = 0; path = BibliographicGuide.app; sourceTree = BUILT_PRODUCTS_DIR; };
		1132A02229D3219C0007B181 /* AppView.swift */ = {isa = PBXFileReference; lastKnownFileType = sourcecode.swift; path = AppView.swift; sourceTree = "<group>"; };
		1132A02629D3219D0007B181 /* Assets.xcassets */ = {isa = PBXFileReference; lastKnownFileType = folder.assetcatalog; path = Assets.xcassets; sourceTree = "<group>"; };
		1132A02929D3219D0007B181 /* Preview Assets.xcassets */ = {isa = PBXFileReference; lastKnownFileType = folder.assetcatalog; path = "Preview Assets.xcassets"; sourceTree = "<group>"; };
		1132A02F29D3219E0007B181 /* BibliographicGuideTests.xctest */ = {isa = PBXFileReference; explicitFileType = wrapper.cfbundle; includeInIndex = 0; path = BibliographicGuideTests.xctest; sourceTree = BUILT_PRODUCTS_DIR; };
		1132A03329D3219E0007B181 /* BibliographicGuideTests.swift */ = {isa = PBXFileReference; lastKnownFileType = sourcecode.swift; path = BibliographicGuideTests.swift; sourceTree = "<group>"; };
		1132A03929D3219E0007B181 /* BibliographicGuideUITests.xctest */ = {isa = PBXFileReference; explicitFileType = wrapper.cfbundle; includeInIndex = 0; path = BibliographicGuideUITests.xctest; sourceTree = BUILT_PRODUCTS_DIR; };
		1132A03D29D3219E0007B181 /* BibliographicGuideUITests.swift */ = {isa = PBXFileReference; lastKnownFileType = sourcecode.swift; path = BibliographicGuideUITests.swift; sourceTree = "<group>"; };
		1132A03F29D3219E0007B181 /* BibliographicGuideUITestsLaunchTests.swift */ = {isa = PBXFileReference; lastKnownFileType = sourcecode.swift; path = BibliographicGuideUITestsLaunchTests.swift; sourceTree = "<group>"; };
		1132A04E29D445DB0007B181 /* SettingsView.swift */ = {isa = PBXFileReference; lastKnownFileType = sourcecode.swift; path = SettingsView.swift; sourceTree = "<group>"; };
		1132A05829D7392F0007B181 /* GoogleService-Info.plist */ = {isa = PBXFileReference; fileEncoding = 4; lastKnownFileType = text.plist.xml; name = "GoogleService-Info.plist"; path = "../../../../../Downloads/GoogleService-Info.plist"; sourceTree = "<group>"; };
		1132A05B29D849140007B181 /* RecordRepository.swift */ = {isa = PBXFileReference; lastKnownFileType = sourcecode.swift; path = RecordRepository.swift; sourceTree = "<group>"; };
		1132A05D29D891A80007B181 /* Record.swift */ = {isa = PBXFileReference; lastKnownFileType = sourcecode.swift; path = Record.swift; sourceTree = "<group>"; };
		1132A05F29D899DD0007B181 /* RecordListViewModel.swift */ = {isa = PBXFileReference; lastKnownFileType = sourcecode.swift; path = RecordListViewModel.swift; sourceTree = "<group>"; };
		1132A06129D89B210007B181 /* RecordListView.swift */ = {isa = PBXFileReference; lastKnownFileType = sourcecode.swift; path = RecordListView.swift; sourceTree = "<group>"; wrapsLines = 0; };
		1132A06429DAF1B70007B181 /* RecordView.swift */ = {isa = PBXFileReference; lastKnownFileType = sourcecode.swift; path = RecordView.swift; sourceTree = "<group>"; };
		1132A06829DAF2610007B181 /* RecordViewModel.swift */ = {isa = PBXFileReference; lastKnownFileType = sourcecode.swift; path = RecordViewModel.swift; sourceTree = "<group>"; };
		1132A06D29DAFED20007B181 /* AuthorizationView.swift */ = {isa = PBXFileReference; lastKnownFileType = sourcecode.swift; path = AuthorizationView.swift; sourceTree = "<group>"; };
		1132A06F29DAFF870007B181 /* RegistrationView.swift */ = {isa = PBXFileReference; lastKnownFileType = sourcecode.swift; path = RegistrationView.swift; sourceTree = "<group>"; };
		1132A07229DB003C0007B181 /* AuthorizationViewModel.swift */ = {isa = PBXFileReference; lastKnownFileType = sourcecode.swift; path = AuthorizationViewModel.swift; sourceTree = "<group>"; };
		1132A07429DB00CD0007B181 /* AuthorizationRepository.swift */ = {isa = PBXFileReference; lastKnownFileType = sourcecode.swift; path = AuthorizationRepository.swift; sourceTree = "<group>"; };
		1132A07829DB3E610007B181 /* UserInformationListViewModel.swift */ = {isa = PBXFileReference; lastKnownFileType = sourcecode.swift; path = UserInformationListViewModel.swift; sourceTree = "<group>"; };
		1132A07B29DB506C0007B181 /* RecordDescriptionView.swift */ = {isa = PBXFileReference; lastKnownFileType = sourcecode.swift; path = RecordDescriptionView.swift; sourceTree = "<group>"; wrapsLines = 1; };
		1132A08029DC4C1B0007B181 /* MessageRepository.swift */ = {isa = PBXFileReference; lastKnownFileType = sourcecode.swift; path = MessageRepository.swift; sourceTree = "<group>"; };
		1132A08229DC4CC40007B181 /* Message.swift */ = {isa = PBXFileReference; lastKnownFileType = sourcecode.swift; path = Message.swift; sourceTree = "<group>"; };
		1132A08A29DC4FFC0007B181 /* MessageListView.swift */ = {isa = PBXFileReference; lastKnownFileType = sourcecode.swift; path = MessageListView.swift; sourceTree = "<group>"; };
		1132A08D29DC52270007B181 /* MessageListViewModel.swift */ = {isa = PBXFileReference; lastKnownFileType = sourcecode.swift; path = MessageListViewModel.swift; sourceTree = "<group>"; };
		1132A08F29DC565A0007B181 /* MessageViewModel.swift */ = {isa = PBXFileReference; lastKnownFileType = sourcecode.swift; path = MessageViewModel.swift; sourceTree = "<group>"; };
		1132A09129DC58370007B181 /* MessageView.swift */ = {isa = PBXFileReference; lastKnownFileType = sourcecode.swift; path = MessageView.swift; sourceTree = "<group>"; };
		1132A09329DD96CA0007B181 /* UserInformation.swift */ = {isa = PBXFileReference; lastKnownFileType = sourcecode.swift; path = UserInformation.swift; sourceTree = "<group>"; };
		1132A09529DD9A7F0007B181 /* UserInformationRepository.swift */ = {isa = PBXFileReference; lastKnownFileType = sourcecode.swift; path = UserInformationRepository.swift; sourceTree = "<group>"; };
		1132A09729DDA2430007B181 /* RegistrationViewModel.swift */ = {isa = PBXFileReference; lastKnownFileType = sourcecode.swift; path = RegistrationViewModel.swift; sourceTree = "<group>"; };
		1132A09929DDBF980007B181 /* UserInformationViewModel.swift */ = {isa = PBXFileReference; lastKnownFileType = sourcecode.swift; path = UserInformationViewModel.swift; sourceTree = "<group>"; };
		1132A09C29E01C6C0007B181 /* IncomingMessageView.swift */ = {isa = PBXFileReference; lastKnownFileType = sourcecode.swift; path = IncomingMessageView.swift; sourceTree = "<group>"; };
		1132A09E29E01C9F0007B181 /* OutgoingMessageView.swift */ = {isa = PBXFileReference; lastKnownFileType = sourcecode.swift; path = OutgoingMessageView.swift; sourceTree = "<group>"; };
		1148681229E7075F00C698D6 /* IncomingMessageEditingView.swift */ = {isa = PBXFileReference; lastKnownFileType = sourcecode.swift; path = IncomingMessageEditingView.swift; sourceTree = "<group>"; };
		1148681429E7077200C698D6 /* OutgoingMessageEditingView.swift */ = {isa = PBXFileReference; lastKnownFileType = sourcecode.swift; path = OutgoingMessageEditingView.swift; sourceTree = "<group>"; };
		1148681629ED5A7E00C698D6 /* RecordPageView.swift */ = {isa = PBXFileReference; lastKnownFileType = sourcecode.swift; path = RecordPageView.swift; sourceTree = "<group>"; };
		1148681929EDE16400C698D6 /* DescriptionRecordPageView.swift */ = {isa = PBXFileReference; lastKnownFileType = sourcecode.swift; path = DescriptionRecordPageView.swift; sourceTree = "<group>"; };
		1148681F29EE03B300C698D6 /* CreateRecordViewModel.swift */ = {isa = PBXFileReference; lastKnownFileType = sourcecode.swift; path = CreateRecordViewModel.swift; sourceTree = "<group>"; };
		1148682129EEAF1300C698D6 /* TopFiveRecordsView.swift */ = {isa = PBXFileReference; lastKnownFileType = sourcecode.swift; path = TopFiveRecordsView.swift; sourceTree = "<group>"; };
		1148682329EEB3CF00C698D6 /* SearchBarView.swift */ = {isa = PBXFileReference; lastKnownFileType = sourcecode.swift; path = SearchBarView.swift; sourceTree = "<group>"; };
		1148682529F0036D00C698D6 /* ImagePicker.swift */ = {isa = PBXFileReference; lastKnownFileType = sourcecode.swift; path = ImagePicker.swift; sourceTree = "<group>"; };
		1148682A29F00FFA00C698D6 /* InformationDOI.swift */ = {isa = PBXFileReference; lastKnownFileType = sourcecode.swift; path = InformationDOI.swift; sourceTree = "<group>"; };
		1148682C29F0889100C698D6 /* EditingRecordView.swift */ = {isa = PBXFileReference; lastKnownFileType = sourcecode.swift; path = EditingRecordView.swift; sourceTree = "<group>"; };
		1148683129F0A79200C698D6 /* ReportView.swift */ = {isa = PBXFileReference; lastKnownFileType = sourcecode.swift; path = ReportView.swift; sourceTree = "<group>"; };
		1148683329F0A7A400C698D6 /* ReportViewModel.swift */ = {isa = PBXFileReference; lastKnownFileType = sourcecode.swift; path = ReportViewModel.swift; sourceTree = "<group>"; };
		1148683629F0A9FA00C698D6 /* PdfPreviewView.swift */ = {isa = PBXFileReference; lastKnownFileType = sourcecode.swift; path = PdfPreviewView.swift; sourceTree = "<group>"; };
		1148683929F0AA9200C698D6 /* PdfViewUI.swift */ = {isa = PBXFileReference; lastKnownFileType = sourcecode.swift; path = PdfViewUI.swift; sourceTree = "<group>"; };
		1148683B29F0AAC700C698D6 /* ShareView.swift */ = {isa = PBXFileReference; lastKnownFileType = sourcecode.swift; path = ShareView.swift; sourceTree = "<group>"; };
		1148683D29F0AF9700C698D6 /* PdfCreator.swift */ = {isa = PBXFileReference; lastKnownFileType = sourcecode.swift; path = PdfCreator.swift; sourceTree = "<group>"; };
		116A631629F868400024C357 /* Report.swift */ = {isa = PBXFileReference; lastKnownFileType = sourcecode.swift; path = Report.swift; sourceTree = "<group>"; };
		116A631C29FE8A380024C357 /* KeywordSearchBarView.swift */ = {isa = PBXFileReference; lastKnownFileType = sourcecode.swift; path = KeywordSearchBarView.swift; sourceTree = "<group>"; };
		116A631E29FE8A880024C357 /* Keyword.swift */ = {isa = PBXFileReference; lastKnownFileType = sourcecode.swift; path = Keyword.swift; sourceTree = "<group>"; };
		116A632029FE8AFD0024C357 /* KeywordRepository.swift */ = {isa = PBXFileReference; lastKnownFileType = sourcecode.swift; path = KeywordRepository.swift; sourceTree = "<group>"; };
		116A632229FFED450024C357 /* KeywordView.swift */ = {isa = PBXFileReference; lastKnownFileType = sourcecode.swift; path = KeywordView.swift; sourceTree = "<group>"; };
		116A63252A02B9140024C357 /* ColorHex.swift */ = {isa = PBXFileReference; lastKnownFileType = sourcecode.swift; path = ColorHex.swift; sourceTree = "<group>"; };
		241C83635DC8BC995E701B01 /* Pods-BibliographicGuide-BibliographicGuideUITests.debug.xcconfig */ = {isa = PBXFileReference; includeInIndex = 1; lastKnownFileType = text.xcconfig; name = "Pods-BibliographicGuide-BibliographicGuideUITests.debug.xcconfig"; path = "Target Support Files/Pods-BibliographicGuide-BibliographicGuideUITests/Pods-BibliographicGuide-BibliographicGuideUITests.debug.xcconfig"; sourceTree = "<group>"; };
		3BF3DF8CD7A06B44BA0C0176 /* Pods-BibliographicGuide-BibliographicGuideUITests.release.xcconfig */ = {isa = PBXFileReference; includeInIndex = 1; lastKnownFileType = text.xcconfig; name = "Pods-BibliographicGuide-BibliographicGuideUITests.release.xcconfig"; path = "Target Support Files/Pods-BibliographicGuide-BibliographicGuideUITests/Pods-BibliographicGuide-BibliographicGuideUITests.release.xcconfig"; sourceTree = "<group>"; };
		57888CDBC96114F9CA898EC2 /* Pods-BibliographicGuide.debug.xcconfig */ = {isa = PBXFileReference; includeInIndex = 1; lastKnownFileType = text.xcconfig; name = "Pods-BibliographicGuide.debug.xcconfig"; path = "Target Support Files/Pods-BibliographicGuide/Pods-BibliographicGuide.debug.xcconfig"; sourceTree = "<group>"; };
		6E4E73C4B73BD9799F2FE586 /* Pods-BibliographicGuideTests.debug.xcconfig */ = {isa = PBXFileReference; includeInIndex = 1; lastKnownFileType = text.xcconfig; name = "Pods-BibliographicGuideTests.debug.xcconfig"; path = "Target Support Files/Pods-BibliographicGuideTests/Pods-BibliographicGuideTests.debug.xcconfig"; sourceTree = "<group>"; };
		7A17856A9ED342D36391D4E7 /* Pods_BibliographicGuide.framework */ = {isa = PBXFileReference; explicitFileType = wrapper.framework; includeInIndex = 0; path = Pods_BibliographicGuide.framework; sourceTree = BUILT_PRODUCTS_DIR; };
		9E5B84D1332C25EDC27E7512 /* Pods_BibliographicGuideTests.framework */ = {isa = PBXFileReference; explicitFileType = wrapper.framework; includeInIndex = 0; path = Pods_BibliographicGuideTests.framework; sourceTree = BUILT_PRODUCTS_DIR; };
		C75E5EE4C2B41C6191C4E86B /* Pods_BibliographicGuide_BibliographicGuideUITests.framework */ = {isa = PBXFileReference; explicitFileType = wrapper.framework; includeInIndex = 0; path = Pods_BibliographicGuide_BibliographicGuideUITests.framework; sourceTree = BUILT_PRODUCTS_DIR; };
		D0D33DDD40CD3472118C4A20 /* Pods-BibliographicGuide.release.xcconfig */ = {isa = PBXFileReference; includeInIndex = 1; lastKnownFileType = text.xcconfig; name = "Pods-BibliographicGuide.release.xcconfig"; path = "Target Support Files/Pods-BibliographicGuide/Pods-BibliographicGuide.release.xcconfig"; sourceTree = "<group>"; };
/* End PBXFileReference section */

/* Begin PBXFrameworksBuildPhase section */
		1132A01C29D3219C0007B181 /* Frameworks */ = {
			isa = PBXFrameworksBuildPhase;
			buildActionMask = 2147483647;
			files = (
				8E2EDA666BF49964DFE1B02E /* Pods_BibliographicGuide.framework in Frameworks */,
			);
			runOnlyForDeploymentPostprocessing = 0;
		};
		1132A02C29D3219E0007B181 /* Frameworks */ = {
			isa = PBXFrameworksBuildPhase;
			buildActionMask = 2147483647;
			files = (
				C79F79CD4CD1D2DE9CB5E0AB /* Pods_BibliographicGuideTests.framework in Frameworks */,
			);
			runOnlyForDeploymentPostprocessing = 0;
		};
		1132A03629D3219E0007B181 /* Frameworks */ = {
			isa = PBXFrameworksBuildPhase;
			buildActionMask = 2147483647;
			files = (
				0A19A67CD6F2C51595BCE216 /* Pods_BibliographicGuide_BibliographicGuideUITests.framework in Frameworks */,
			);
			runOnlyForDeploymentPostprocessing = 0;
		};
/* End PBXFrameworksBuildPhase section */

/* Begin PBXGroup section */
		1126AD9D29F1329200A210BF /* Keywords */ = {
			isa = PBXGroup;
			children = (
				1126AD9E29F132BB00A210BF /* KeywordsView.swift */,
				116A632229FFED450024C357 /* KeywordView.swift */,
			);
			path = Keywords;
			sourceTree = "<group>";
		};
		1126ADA029F1337500A210BF /* UsersRights */ = {
			isa = PBXGroup;
			children = (
				1126ADA129F1353100A210BF /* UsersRightsView.swift */,
				1126ADA329F1393100A210BF /* UserRightsView.swift */,
			);
			path = UsersRights;
			sourceTree = "<group>";
		};
		11274D9B2A085713008B9EF0 /* SelectedMessageImage */ = {
			isa = PBXGroup;
			children = (
				11274D992A0849B1008B9EF0 /* SelectedMessageImagesView.swift */,
				11274D9C2A08574A008B9EF0 /* SelectedMessageImageView.swift */,
			);
			path = SelectedMessageImage;
			sourceTree = "<group>";
		};
		11274D9E2A091A58008B9EF0 /* Image */ = {
			isa = PBXGroup;
			children = (
				11274D9F2A091D82008B9EF0 /* MessageImages.swift */,
				11274DA32A095E31008B9EF0 /* MessageFullSizeImageView.swift */,
				11274DA52A0A7105008B9EF0 /* LoaderView.swift */,
			);
			path = Image;
			sourceTree = "<group>";
		};
		11274DAD2A0D5955008B9EF0 /* App */ = {
			isa = PBXGroup;
			children = (
				11274DAB2A0D4EB0008B9EF0 /* AppViewModel.swift */,
			);
			path = App;
			sourceTree = "<group>";
		};
		11274DAE2A0D95F1008B9EF0 /* Pages */ = {
			isa = PBXGroup;
			children = (
				11274DAF2A0D9614008B9EF0 /* FirstPageCreateRecordView.swift */,
				11274DB12A0D9630008B9EF0 /* SecondPageCreateRecord.swift */,
				11274DBF2A0E5D2C008B9EF0 /* KeywordsSelectionCreateView.swift */,
				11274DBC2A0E5B15008B9EF0 /* ChoiceKeyword */,
				11274DC12A0E5E2A008B9EF0 /* KeywordsSelectionSearchView.swift */,
				11274DB82A0E3BC2008B9EF0 /* KeywordSelectionView.swift */,
				11274DBA2A0E52C8008B9EF0 /* SearchBarCreateView.swift */,
			);
			path = Pages;
			sourceTree = "<group>";
		};
		11274DBC2A0E5B15008B9EF0 /* ChoiceKeyword */ = {
			isa = PBXGroup;
			children = (
			);
			path = ChoiceKeyword;
			sourceTree = "<group>";
		};
		1132A01629D3219C0007B181 = {
			isa = PBXGroup;
			children = (
				1132A02129D3219C0007B181 /* BibliographicGuide */,
				1132A03229D3219E0007B181 /* BibliographicGuideTests */,
				1132A03C29D3219E0007B181 /* BibliographicGuideUITests */,
				1132A02029D3219C0007B181 /* Products */,
				E5F0B487A48BCB79C3973FFD /* Pods */,
				A7A0C87989601ECE0D6915F5 /* Frameworks */,
			);
			sourceTree = "<group>";
		};
		1132A02029D3219C0007B181 /* Products */ = {
			isa = PBXGroup;
			children = (
				1132A01F29D3219C0007B181 /* BibliographicGuide.app */,
				1132A02F29D3219E0007B181 /* BibliographicGuideTests.xctest */,
				1132A03929D3219E0007B181 /* BibliographicGuideUITests.xctest */,
			);
			name = Products;
			sourceTree = "<group>";
		};
		1132A02129D3219C0007B181 /* BibliographicGuide */ = {
			isa = PBXGroup;
			children = (
				1132A02229D3219C0007B181 /* AppView.swift */,
				1148682929F00FAE00C698D6 /* API */,
				1148682729F00D2A00C698D6 /* Utils */,
				1132A05A29D841780007B181 /* Repository */,
				1132A05029D610080007B181 /* Models */,
				1132A04C29D445B80007B181 /* Views */,
				1132A05129D610180007B181 /* ViewModels */,
				1132A02629D3219D0007B181 /* Assets.xcassets */,
				1132A05829D7392F0007B181 /* GoogleService-Info.plist */,
				1132A02829D3219D0007B181 /* Preview Content */,
			);
			path = BibliographicGuide;
			sourceTree = "<group>";
		};
		1132A02829D3219D0007B181 /* Preview Content */ = {
			isa = PBXGroup;
			children = (
				1132A02929D3219D0007B181 /* Preview Assets.xcassets */,
			);
			path = "Preview Content";
			sourceTree = "<group>";
		};
		1132A03229D3219E0007B181 /* BibliographicGuideTests */ = {
			isa = PBXGroup;
			children = (
				1132A03329D3219E0007B181 /* BibliographicGuideTests.swift */,
			);
			path = BibliographicGuideTests;
			sourceTree = "<group>";
		};
		1132A03C29D3219E0007B181 /* BibliographicGuideUITests */ = {
			isa = PBXGroup;
			children = (
				1132A03D29D3219E0007B181 /* BibliographicGuideUITests.swift */,
				1132A03F29D3219E0007B181 /* BibliographicGuideUITestsLaunchTests.swift */,
			);
			path = BibliographicGuideUITests;
			sourceTree = "<group>";
		};
		1132A04C29D445B80007B181 /* Views */ = {
			isa = PBXGroup;
			children = (
				1132A05229D610640007B181 /* Authorization */,
				1132A06329DAF11B0007B181 /* Home */,
				1132A08429DC4F2B0007B181 /* Chat */,
				1148681B29EE030A00C698D6 /* Create */,
				1148682F29F0A76D00C698D6 /* Report */,
				1132A04D29D445C80007B181 /* Settings */,
			);
			path = Views;
			sourceTree = "<group>";
		};
		1132A04D29D445C80007B181 /* Settings */ = {
			isa = PBXGroup;
			children = (
				1132A04E29D445DB0007B181 /* SettingsView.swift */,
				1126AD9D29F1329200A210BF /* Keywords */,
				1126ADA029F1337500A210BF /* UsersRights */,
			);
			path = Settings;
			sourceTree = "<group>";
		};
		1132A05029D610080007B181 /* Models */ = {
			isa = PBXGroup;
			children = (
				1132A05D29D891A80007B181 /* Record.swift */,
				1132A08229DC4CC40007B181 /* Message.swift */,
				1132A09329DD96CA0007B181 /* UserInformation.swift */,
				116A631629F868400024C357 /* Report.swift */,
				116A631E29FE8A880024C357 /* Keyword.swift */,
			);
			path = Models;
			sourceTree = "<group>";
		};
		1132A05129D610180007B181 /* ViewModels */ = {
			isa = PBXGroup;
			children = (
				11274DAD2A0D5955008B9EF0 /* App */,
				1132A07129DB00200007B181 /* Authorization */,
				1132A06629DAF2420007B181 /* Home */,
				1132A08729DC4F6C0007B181 /* Chat */,
				1148681E29EE03A100C698D6 /* Create */,
				1148683029F0A77A00C698D6 /* Report */,
				1132A06C29DAFDFC0007B181 /* Settings */,
			);
			path = ViewModels;
			sourceTree = "<group>";
		};
		1132A05229D610640007B181 /* Authorization */ = {
			isa = PBXGroup;
			children = (
				1132A06D29DAFED20007B181 /* AuthorizationView.swift */,
				1132A06F29DAFF870007B181 /* RegistrationView.swift */,
			);
			path = Authorization;
			sourceTree = "<group>";
		};
		1132A05A29D841780007B181 /* Repository */ = {
			isa = PBXGroup;
			children = (
				1132A07429DB00CD0007B181 /* AuthorizationRepository.swift */,
				1132A05B29D849140007B181 /* RecordRepository.swift */,
				1132A08029DC4C1B0007B181 /* MessageRepository.swift */,
				1132A09529DD9A7F0007B181 /* UserInformationRepository.swift */,
				116A632029FE8AFD0024C357 /* KeywordRepository.swift */,
			);
			path = Repository;
			sourceTree = "<group>";
		};
		1132A06329DAF11B0007B181 /* Home */ = {
			isa = PBXGroup;
			children = (
				1132A07A29DB50240007B181 /* RecordList */,
			);
			path = Home;
			sourceTree = "<group>";
		};
		1132A06629DAF2420007B181 /* Home */ = {
			isa = PBXGroup;
			children = (
				1132A07D29DB51DB0007B181 /* RecordList */,
			);
			path = Home;
			sourceTree = "<group>";
		};
		1132A06C29DAFDFC0007B181 /* Settings */ = {
			isa = PBXGroup;
			children = (
				1132A07829DB3E610007B181 /* UserInformationListViewModel.swift */,
				1132A09929DDBF980007B181 /* UserInformationViewModel.swift */,
			);
			path = Settings;
			sourceTree = "<group>";
		};
		1132A07129DB00200007B181 /* Authorization */ = {
			isa = PBXGroup;
			children = (
				1132A07229DB003C0007B181 /* AuthorizationViewModel.swift */,
				1132A09729DDA2430007B181 /* RegistrationViewModel.swift */,
			);
			path = Authorization;
			sourceTree = "<group>";
		};
		1132A07A29DB50240007B181 /* RecordList */ = {
			isa = PBXGroup;
			children = (
				1132A06129D89B210007B181 /* RecordListView.swift */,
				1148682129EEAF1300C698D6 /* TopFiveRecordsView.swift */,
				11639A432A05565200933103 /* Search */,
				11639A422A054D4C00933103 /* Record */,
			);
			path = RecordList;
			sourceTree = "<group>";
		};
		1132A07D29DB51DB0007B181 /* RecordList */ = {
			isa = PBXGroup;
			children = (
				1132A05F29D899DD0007B181 /* RecordListViewModel.swift */,
				1132A06829DAF2610007B181 /* RecordViewModel.swift */,
			);
			path = RecordList;
			sourceTree = "<group>";
		};
		1132A08429DC4F2B0007B181 /* Chat */ = {
			isa = PBXGroup;
			children = (
				1132A08929DC4FE50007B181 /* ListMessage */,
				1148681129E706AD00C698D6 /* MessageEditingWindow */,
			);
			path = Chat;
			sourceTree = "<group>";
		};
		1132A08729DC4F6C0007B181 /* Chat */ = {
			isa = PBXGroup;
			children = (
				1132A08C29DC520B0007B181 /* Message */,
			);
			path = Chat;
			sourceTree = "<group>";
		};
		1132A08929DC4FE50007B181 /* ListMessage */ = {
			isa = PBXGroup;
			children = (
				1132A08A29DC4FFC0007B181 /* MessageListView.swift */,
				1132A09129DC58370007B181 /* MessageView.swift */,
				11274D972A07AFA1008B9EF0 /* MessageReplyView.swift */,
				11274D952A07AEFF008B9EF0 /* MessageChangeView.swift */,
				11274D9B2A085713008B9EF0 /* SelectedMessageImage */,
				1132A09B29E01C2B0007B181 /* Message */,
			);
			path = ListMessage;
			sourceTree = "<group>";
		};
		1132A08C29DC520B0007B181 /* Message */ = {
			isa = PBXGroup;
			children = (
				1132A08D29DC52270007B181 /* MessageListViewModel.swift */,
				1132A08F29DC565A0007B181 /* MessageViewModel.swift */,
			);
			path = Message;
			sourceTree = "<group>";
		};
		1132A09B29E01C2B0007B181 /* Message */ = {
			isa = PBXGroup;
			children = (
				1132A09E29E01C9F0007B181 /* OutgoingMessageView.swift */,
				1132A09C29E01C6C0007B181 /* IncomingMessageView.swift */,
				11274D9E2A091A58008B9EF0 /* Image */,
			);
			path = Message;
			sourceTree = "<group>";
		};
		1148681129E706AD00C698D6 /* MessageEditingWindow */ = {
			isa = PBXGroup;
			children = (
				1148681429E7077200C698D6 /* OutgoingMessageEditingView.swift */,
				1148681229E7075F00C698D6 /* IncomingMessageEditingView.swift */,
			);
			path = MessageEditingWindow;
			sourceTree = "<group>";
		};
		1148681829ED5A8D00C698D6 /* RecordPage */ = {
			isa = PBXGroup;
			children = (
				1148681629ED5A7E00C698D6 /* RecordPageView.swift */,
				1148681929EDE16400C698D6 /* DescriptionRecordPageView.swift */,
				1148682E29F0889700C698D6 /* Editing */,
			);
			path = RecordPage;
			sourceTree = "<group>";
		};
		1148681B29EE030A00C698D6 /* Create */ = {
			isa = PBXGroup;
			children = (
				11274DB32A0D99D4008B9EF0 /* CreateRecordView.swift */,
				11274DAE2A0D95F1008B9EF0 /* Pages */,
			);
			path = Create;
			sourceTree = "<group>";
		};
		1148681E29EE03A100C698D6 /* Create */ = {
			isa = PBXGroup;
			children = (
				1148681F29EE03B300C698D6 /* CreateRecordViewModel.swift */,
			);
			path = Create;
			sourceTree = "<group>";
		};
		1148682729F00D2A00C698D6 /* Utils */ = {
			isa = PBXGroup;
			children = (
				1148682829F00D7300C698D6 /* ImagePicker */,
				1148683829F0AA7100C698D6 /* Report */,
				116A63242A02B8F00024C357 /* Color */,
			);
			path = Utils;
			sourceTree = "<group>";
		};
		1148682829F00D7300C698D6 /* ImagePicker */ = {
			isa = PBXGroup;
			children = (
				1148682529F0036D00C698D6 /* ImagePicker.swift */,
			);
			path = ImagePicker;
			sourceTree = "<group>";
		};
		1148682929F00FAE00C698D6 /* API */ = {
			isa = PBXGroup;
			children = (
				1148682A29F00FFA00C698D6 /* InformationDOI.swift */,
			);
			path = API;
			sourceTree = "<group>";
		};
		1148682E29F0889700C698D6 /* Editing */ = {
			isa = PBXGroup;
			children = (
				1148682C29F0889100C698D6 /* EditingRecordView.swift */,
			);
			path = Editing;
			sourceTree = "<group>";
		};
		1148682F29F0A76D00C698D6 /* Report */ = {
			isa = PBXGroup;
			children = (
				1148683129F0A79200C698D6 /* ReportView.swift */,
				11274DC32A0FA86C008B9EF0 /* CreateReportView.swift */,
				1148683529F0A9E400C698D6 /* Detail */,
			);
			path = Report;
			sourceTree = "<group>";
		};
		1148683029F0A77A00C698D6 /* Report */ = {
			isa = PBXGroup;
			children = (
				1148683329F0A7A400C698D6 /* ReportViewModel.swift */,
			);
			path = Report;
			sourceTree = "<group>";
		};
		1148683529F0A9E400C698D6 /* Detail */ = {
			isa = PBXGroup;
			children = (
				1148683629F0A9FA00C698D6 /* PdfPreviewView.swift */,
			);
			path = Detail;
			sourceTree = "<group>";
		};
		1148683829F0AA7100C698D6 /* Report */ = {
			isa = PBXGroup;
			children = (
				1148683929F0AA9200C698D6 /* PdfViewUI.swift */,
				1148683B29F0AAC700C698D6 /* ShareView.swift */,
				1148683D29F0AF9700C698D6 /* PdfCreator.swift */,
			);
			path = Report;
			sourceTree = "<group>";
		};
		11639A422A054D4C00933103 /* Record */ = {
			isa = PBXGroup;
			children = (
				1132A06429DAF1B70007B181 /* RecordView.swift */,
				1132A07B29DB506C0007B181 /* RecordDescriptionView.swift */,
				1148681829ED5A8D00C698D6 /* RecordPage */,
			);
			path = Record;
			sourceTree = "<group>";
		};
		11639A432A05565200933103 /* Search */ = {
			isa = PBXGroup;
			children = (
				1148682329EEB3CF00C698D6 /* SearchBarView.swift */,
				116A631C29FE8A380024C357 /* KeywordSearchBarView.swift */,
			);
			path = Search;
			sourceTree = "<group>";
		};
		116A63242A02B8F00024C357 /* Color */ = {
			isa = PBXGroup;
			children = (
				116A63252A02B9140024C357 /* ColorHex.swift */,
			);
			path = Color;
			sourceTree = "<group>";
		};
		A7A0C87989601ECE0D6915F5 /* Frameworks */ = {
			isa = PBXGroup;
			children = (
				7A17856A9ED342D36391D4E7 /* Pods_BibliographicGuide.framework */,
				C75E5EE4C2B41C6191C4E86B /* Pods_BibliographicGuide_BibliographicGuideUITests.framework */,
				9E5B84D1332C25EDC27E7512 /* Pods_BibliographicGuideTests.framework */,
			);
			name = Frameworks;
			sourceTree = "<group>";
		};
		E5F0B487A48BCB79C3973FFD /* Pods */ = {
			isa = PBXGroup;
			children = (
				57888CDBC96114F9CA898EC2 /* Pods-BibliographicGuide.debug.xcconfig */,
				D0D33DDD40CD3472118C4A20 /* Pods-BibliographicGuide.release.xcconfig */,
				241C83635DC8BC995E701B01 /* Pods-BibliographicGuide-BibliographicGuideUITests.debug.xcconfig */,
				3BF3DF8CD7A06B44BA0C0176 /* Pods-BibliographicGuide-BibliographicGuideUITests.release.xcconfig */,
				6E4E73C4B73BD9799F2FE586 /* Pods-BibliographicGuideTests.debug.xcconfig */,
				0363E4EA9CA194B1C5D7151D /* Pods-BibliographicGuideTests.release.xcconfig */,
			);
			path = Pods;
			sourceTree = "<group>";
		};
/* End PBXGroup section */

/* Begin PBXNativeTarget section */
		1132A01E29D3219C0007B181 /* BibliographicGuide */ = {
			isa = PBXNativeTarget;
			buildConfigurationList = 1132A04329D3219E0007B181 /* Build configuration list for PBXNativeTarget "BibliographicGuide" */;
			buildPhases = (
				E8049812F122D95F67BA60FC /* [CP] Check Pods Manifest.lock */,
				1132A01B29D3219C0007B181 /* Sources */,
				1132A01C29D3219C0007B181 /* Frameworks */,
				1132A01D29D3219C0007B181 /* Resources */,
				F1DCDB50319917754D64FE93 /* [CP] Embed Pods Frameworks */,
			);
			buildRules = (
			);
			dependencies = (
			);
			name = BibliographicGuide;
			productName = BibliographicGuide;
			productReference = 1132A01F29D3219C0007B181 /* BibliographicGuide.app */;
			productType = "com.apple.product-type.application";
		};
		1132A02E29D3219E0007B181 /* BibliographicGuideTests */ = {
			isa = PBXNativeTarget;
			buildConfigurationList = 1132A04629D3219E0007B181 /* Build configuration list for PBXNativeTarget "BibliographicGuideTests" */;
			buildPhases = (
				E0EFD5F59C8EA4F9BC56C715 /* [CP] Check Pods Manifest.lock */,
				1132A02B29D3219E0007B181 /* Sources */,
				1132A02C29D3219E0007B181 /* Frameworks */,
				1132A02D29D3219E0007B181 /* Resources */,
			);
			buildRules = (
			);
			dependencies = (
				1132A03129D3219E0007B181 /* PBXTargetDependency */,
			);
			name = BibliographicGuideTests;
			productName = BibliographicGuideTests;
			productReference = 1132A02F29D3219E0007B181 /* BibliographicGuideTests.xctest */;
			productType = "com.apple.product-type.bundle.unit-test";
		};
		1132A03829D3219E0007B181 /* BibliographicGuideUITests */ = {
			isa = PBXNativeTarget;
			buildConfigurationList = 1132A04929D3219E0007B181 /* Build configuration list for PBXNativeTarget "BibliographicGuideUITests" */;
			buildPhases = (
				35A900D22E0079B9AF28B3C6 /* [CP] Check Pods Manifest.lock */,
				1132A03529D3219E0007B181 /* Sources */,
				1132A03629D3219E0007B181 /* Frameworks */,
				1132A03729D3219E0007B181 /* Resources */,
				270C3A2A52061DD09B2407CD /* [CP] Embed Pods Frameworks */,
			);
			buildRules = (
			);
			dependencies = (
				1132A03B29D3219E0007B181 /* PBXTargetDependency */,
			);
			name = BibliographicGuideUITests;
			productName = BibliographicGuideUITests;
			productReference = 1132A03929D3219E0007B181 /* BibliographicGuideUITests.xctest */;
			productType = "com.apple.product-type.bundle.ui-testing";
		};
/* End PBXNativeTarget section */

/* Begin PBXProject section */
		1132A01729D3219C0007B181 /* Project object */ = {
			isa = PBXProject;
			attributes = {
				BuildIndependentTargetsInParallel = 1;
				LastSwiftUpdateCheck = 1420;
				LastUpgradeCheck = 1420;
				TargetAttributes = {
					1132A01E29D3219C0007B181 = {
						CreatedOnToolsVersion = 14.2;
					};
					1132A02E29D3219E0007B181 = {
						CreatedOnToolsVersion = 14.2;
						TestTargetID = 1132A01E29D3219C0007B181;
					};
					1132A03829D3219E0007B181 = {
						CreatedOnToolsVersion = 14.2;
						TestTargetID = 1132A01E29D3219C0007B181;
					};
				};
			};
			buildConfigurationList = 1132A01A29D3219C0007B181 /* Build configuration list for PBXProject "BibliographicGuide" */;
			compatibilityVersion = "Xcode 14.0";
			developmentRegion = en;
			hasScannedForEncodings = 0;
			knownRegions = (
				en,
				Base,
			);
			mainGroup = 1132A01629D3219C0007B181;
			productRefGroup = 1132A02029D3219C0007B181 /* Products */;
			projectDirPath = "";
			projectRoot = "";
			targets = (
				1132A01E29D3219C0007B181 /* BibliographicGuide */,
				1132A02E29D3219E0007B181 /* BibliographicGuideTests */,
				1132A03829D3219E0007B181 /* BibliographicGuideUITests */,
			);
		};
/* End PBXProject section */

/* Begin PBXResourcesBuildPhase section */
		1132A01D29D3219C0007B181 /* Resources */ = {
			isa = PBXResourcesBuildPhase;
			buildActionMask = 2147483647;
			files = (
				1132A02A29D3219D0007B181 /* Preview Assets.xcassets in Resources */,
				1132A02729D3219D0007B181 /* Assets.xcassets in Resources */,
				1132A05929D7392F0007B181 /* GoogleService-Info.plist in Resources */,
			);
			runOnlyForDeploymentPostprocessing = 0;
		};
		1132A02D29D3219E0007B181 /* Resources */ = {
			isa = PBXResourcesBuildPhase;
			buildActionMask = 2147483647;
			files = (
			);
			runOnlyForDeploymentPostprocessing = 0;
		};
		1132A03729D3219E0007B181 /* Resources */ = {
			isa = PBXResourcesBuildPhase;
			buildActionMask = 2147483647;
			files = (
			);
			runOnlyForDeploymentPostprocessing = 0;
		};
/* End PBXResourcesBuildPhase section */

/* Begin PBXShellScriptBuildPhase section */
		270C3A2A52061DD09B2407CD /* [CP] Embed Pods Frameworks */ = {
			isa = PBXShellScriptBuildPhase;
			buildActionMask = 2147483647;
			files = (
			);
			inputFileListPaths = (
				"${PODS_ROOT}/Target Support Files/Pods-BibliographicGuide-BibliographicGuideUITests/Pods-BibliographicGuide-BibliographicGuideUITests-frameworks-${CONFIGURATION}-input-files.xcfilelist",
			);
			name = "[CP] Embed Pods Frameworks";
			outputFileListPaths = (
				"${PODS_ROOT}/Target Support Files/Pods-BibliographicGuide-BibliographicGuideUITests/Pods-BibliographicGuide-BibliographicGuideUITests-frameworks-${CONFIGURATION}-output-files.xcfilelist",
			);
			runOnlyForDeploymentPostprocessing = 0;
			shellPath = /bin/sh;
			shellScript = "\"${PODS_ROOT}/Target Support Files/Pods-BibliographicGuide-BibliographicGuideUITests/Pods-BibliographicGuide-BibliographicGuideUITests-frameworks.sh\"\n";
			showEnvVarsInLog = 0;
		};
		35A900D22E0079B9AF28B3C6 /* [CP] Check Pods Manifest.lock */ = {
			isa = PBXShellScriptBuildPhase;
			buildActionMask = 2147483647;
			files = (
			);
			inputFileListPaths = (
			);
			inputPaths = (
				"${PODS_PODFILE_DIR_PATH}/Podfile.lock",
				"${PODS_ROOT}/Manifest.lock",
			);
			name = "[CP] Check Pods Manifest.lock";
			outputFileListPaths = (
			);
			outputPaths = (
				"$(DERIVED_FILE_DIR)/Pods-BibliographicGuide-BibliographicGuideUITests-checkManifestLockResult.txt",
			);
			runOnlyForDeploymentPostprocessing = 0;
			shellPath = /bin/sh;
			shellScript = "diff \"${PODS_PODFILE_DIR_PATH}/Podfile.lock\" \"${PODS_ROOT}/Manifest.lock\" > /dev/null\nif [ $? != 0 ] ; then\n    # print error to STDERR\n    echo \"error: The sandbox is not in sync with the Podfile.lock. Run 'pod install' or update your CocoaPods installation.\" >&2\n    exit 1\nfi\n# This output is used by Xcode 'outputs' to avoid re-running this script phase.\necho \"SUCCESS\" > \"${SCRIPT_OUTPUT_FILE_0}\"\n";
			showEnvVarsInLog = 0;
		};
		E0EFD5F59C8EA4F9BC56C715 /* [CP] Check Pods Manifest.lock */ = {
			isa = PBXShellScriptBuildPhase;
			buildActionMask = 2147483647;
			files = (
			);
			inputFileListPaths = (
			);
			inputPaths = (
				"${PODS_PODFILE_DIR_PATH}/Podfile.lock",
				"${PODS_ROOT}/Manifest.lock",
			);
			name = "[CP] Check Pods Manifest.lock";
			outputFileListPaths = (
			);
			outputPaths = (
				"$(DERIVED_FILE_DIR)/Pods-BibliographicGuideTests-checkManifestLockResult.txt",
			);
			runOnlyForDeploymentPostprocessing = 0;
			shellPath = /bin/sh;
			shellScript = "diff \"${PODS_PODFILE_DIR_PATH}/Podfile.lock\" \"${PODS_ROOT}/Manifest.lock\" > /dev/null\nif [ $? != 0 ] ; then\n    # print error to STDERR\n    echo \"error: The sandbox is not in sync with the Podfile.lock. Run 'pod install' or update your CocoaPods installation.\" >&2\n    exit 1\nfi\n# This output is used by Xcode 'outputs' to avoid re-running this script phase.\necho \"SUCCESS\" > \"${SCRIPT_OUTPUT_FILE_0}\"\n";
			showEnvVarsInLog = 0;
		};
		E8049812F122D95F67BA60FC /* [CP] Check Pods Manifest.lock */ = {
			isa = PBXShellScriptBuildPhase;
			buildActionMask = 2147483647;
			files = (
			);
			inputFileListPaths = (
			);
			inputPaths = (
				"${PODS_PODFILE_DIR_PATH}/Podfile.lock",
				"${PODS_ROOT}/Manifest.lock",
			);
			name = "[CP] Check Pods Manifest.lock";
			outputFileListPaths = (
			);
			outputPaths = (
				"$(DERIVED_FILE_DIR)/Pods-BibliographicGuide-checkManifestLockResult.txt",
			);
			runOnlyForDeploymentPostprocessing = 0;
			shellPath = /bin/sh;
			shellScript = "diff \"${PODS_PODFILE_DIR_PATH}/Podfile.lock\" \"${PODS_ROOT}/Manifest.lock\" > /dev/null\nif [ $? != 0 ] ; then\n    # print error to STDERR\n    echo \"error: The sandbox is not in sync with the Podfile.lock. Run 'pod install' or update your CocoaPods installation.\" >&2\n    exit 1\nfi\n# This output is used by Xcode 'outputs' to avoid re-running this script phase.\necho \"SUCCESS\" > \"${SCRIPT_OUTPUT_FILE_0}\"\n";
			showEnvVarsInLog = 0;
		};
		F1DCDB50319917754D64FE93 /* [CP] Embed Pods Frameworks */ = {
			isa = PBXShellScriptBuildPhase;
			buildActionMask = 2147483647;
			files = (
			);
			inputFileListPaths = (
				"${PODS_ROOT}/Target Support Files/Pods-BibliographicGuide/Pods-BibliographicGuide-frameworks-${CONFIGURATION}-input-files.xcfilelist",
			);
			name = "[CP] Embed Pods Frameworks";
			outputFileListPaths = (
				"${PODS_ROOT}/Target Support Files/Pods-BibliographicGuide/Pods-BibliographicGuide-frameworks-${CONFIGURATION}-output-files.xcfilelist",
			);
			runOnlyForDeploymentPostprocessing = 0;
			shellPath = /bin/sh;
			shellScript = "\"${PODS_ROOT}/Target Support Files/Pods-BibliographicGuide/Pods-BibliographicGuide-frameworks.sh\"\n";
			showEnvVarsInLog = 0;
		};
/* End PBXShellScriptBuildPhase section */

/* Begin PBXSourcesBuildPhase section */
		1132A01B29D3219C0007B181 /* Sources */ = {
			isa = PBXSourcesBuildPhase;
			buildActionMask = 2147483647;
			files = (
				1132A09D29E01C6C0007B181 /* IncomingMessageView.swift in Sources */,
				1148681529E7077200C698D6 /* OutgoingMessageEditingView.swift in Sources */,
				1132A09629DD9A7F0007B181 /* UserInformationRepository.swift in Sources */,
				1132A09029DC565A0007B181 /* MessageViewModel.swift in Sources */,
				1132A08129DC4C1B0007B181 /* MessageRepository.swift in Sources */,
				1148681729ED5A7F00C698D6 /* RecordPageView.swift in Sources */,
				1132A04F29D445DB0007B181 /* SettingsView.swift in Sources */,
				1148682629F0036D00C698D6 /* ImagePicker.swift in Sources */,
				11274DA42A095E31008B9EF0 /* MessageFullSizeImageView.swift in Sources */,
				1148682D29F0889100C698D6 /* EditingRecordView.swift in Sources */,
				116A632329FFED450024C357 /* KeywordView.swift in Sources */,
				116A631D29FE8A380024C357 /* KeywordSearchBarView.swift in Sources */,
				1126ADA429F1393100A210BF /* UserRightsView.swift in Sources */,
				1126ADA229F1353100A210BF /* UsersRightsView.swift in Sources */,
				1126AD9F29F132BB00A210BF /* KeywordsView.swift in Sources */,
				1132A07329DB003C0007B181 /* AuthorizationViewModel.swift in Sources */,
				11274DA02A091D82008B9EF0 /* MessageImages.swift in Sources */,
				116A632129FE8AFD0024C357 /* KeywordRepository.swift in Sources */,
				1148683429F0A7A400C698D6 /* ReportViewModel.swift in Sources */,
				11274DC22A0E5E2A008B9EF0 /* KeywordsSelectionSearchView.swift in Sources */,
				1148682229EEAF1300C698D6 /* TopFiveRecordsView.swift in Sources */,
				1132A08B29DC4FFC0007B181 /* MessageListView.swift in Sources */,
				1132A08329DC4CC40007B181 /* Message.swift in Sources */,
				11274DA62A0A7105008B9EF0 /* LoaderView.swift in Sources */,
				11274D9A2A0849B1008B9EF0 /* SelectedMessageImagesView.swift in Sources */,
				1132A06529DAF1B70007B181 /* RecordView.swift in Sources */,
				1132A09A29DDBF980007B181 /* UserInformationViewModel.swift in Sources */,
				11274DBB2A0E52C8008B9EF0 /* SearchBarCreateView.swift in Sources */,
				11274DB92A0E3BC3008B9EF0 /* KeywordSelectionView.swift in Sources */,
				1132A09829DDA2430007B181 /* RegistrationViewModel.swift in Sources */,
				1148681329E7075F00C698D6 /* IncomingMessageEditingView.swift in Sources */,
				1148683229F0A79200C698D6 /* ReportView.swift in Sources */,
				116A631729F868400024C357 /* Report.swift in Sources */,
				11274D962A07AEFF008B9EF0 /* MessageChangeView.swift in Sources */,
				1148683729F0A9FA00C698D6 /* PdfPreviewView.swift in Sources */,
				1148682B29F00FFA00C698D6 /* InformationDOI.swift in Sources */,
				1132A05C29D849140007B181 /* RecordRepository.swift in Sources */,
				1132A08E29DC52270007B181 /* MessageListViewModel.swift in Sources */,
				1148683E29F0AF9700C698D6 /* PdfCreator.swift in Sources */,
				1148683C29F0AAC700C698D6 /* ShareView.swift in Sources */,
				1148681A29EDE16400C698D6 /* DescriptionRecordPageView.swift in Sources */,
				1132A07029DAFF870007B181 /* RegistrationView.swift in Sources */,
				11274DB42A0D99D4008B9EF0 /* CreateRecordView.swift in Sources */,
				1132A06929DAF2610007B181 /* RecordViewModel.swift in Sources */,
				11274DC02A0E5D2C008B9EF0 /* KeywordsSelectionCreateView.swift in Sources */,
				116A63262A02B9140024C357 /* ColorHex.swift in Sources */,
				11274D982A07AFA1008B9EF0 /* MessageReplyView.swift in Sources */,
				11274DAC2A0D4EB0008B9EF0 /* AppViewModel.swift in Sources */,
				1148682029EE03B300C698D6 /* CreateRecordViewModel.swift in Sources */,
				11274DC42A0FA86C008B9EF0 /* CreateReportView.swift in Sources */,
				11274DB02A0D9614008B9EF0 /* FirstPageCreateRecordView.swift in Sources */,
				11274D9D2A08574A008B9EF0 /* SelectedMessageImageView.swift in Sources */,
				116A631F29FE8A880024C357 /* Keyword.swift in Sources */,
				1132A09429DD96CA0007B181 /* UserInformation.swift in Sources */,
				1132A05E29D891A80007B181 /* Record.swift in Sources */,
				1132A07529DB00CD0007B181 /* AuthorizationRepository.swift in Sources */,
				1132A02329D3219C0007B181 /* AppView.swift in Sources */,
				1148683A29F0AA9200C698D6 /* PdfViewUI.swift in Sources */,
				11639A442A0575DE00933103 /* RecordDescriptionView.swift in Sources */,
				1132A09F29E01C9F0007B181 /* OutgoingMessageView.swift in Sources */,
				1132A06229D89B210007B181 /* RecordListView.swift in Sources */,
				1148682429EEB3CF00C698D6 /* SearchBarView.swift in Sources */,
				11274DB22A0D9630008B9EF0 /* SecondPageCreateRecord.swift in Sources */,
				1132A06029D899DD0007B181 /* RecordListViewModel.swift in Sources */,
				1132A09229DC58370007B181 /* MessageView.swift in Sources */,
				1132A06E29DAFED20007B181 /* AuthorizationView.swift in Sources */,
				1132A07929DB3E610007B181 /* UserInformationListViewModel.swift in Sources */,
			);
			runOnlyForDeploymentPostprocessing = 0;
		};
		1132A02B29D3219E0007B181 /* Sources */ = {
			isa = PBXSourcesBuildPhase;
			buildActionMask = 2147483647;
			files = (
				1132A03429D3219E0007B181 /* BibliographicGuideTests.swift in Sources */,
			);
			runOnlyForDeploymentPostprocessing = 0;
		};
		1132A03529D3219E0007B181 /* Sources */ = {
			isa = PBXSourcesBuildPhase;
			buildActionMask = 2147483647;
			files = (
				1132A03E29D3219E0007B181 /* BibliographicGuideUITests.swift in Sources */,
				1132A04029D3219E0007B181 /* BibliographicGuideUITestsLaunchTests.swift in Sources */,
			);
			runOnlyForDeploymentPostprocessing = 0;
		};
/* End PBXSourcesBuildPhase section */

/* Begin PBXTargetDependency section */
		1132A03129D3219E0007B181 /* PBXTargetDependency */ = {
			isa = PBXTargetDependency;
			target = 1132A01E29D3219C0007B181 /* BibliographicGuide */;
			targetProxy = 1132A03029D3219E0007B181 /* PBXContainerItemProxy */;
		};
		1132A03B29D3219E0007B181 /* PBXTargetDependency */ = {
			isa = PBXTargetDependency;
			target = 1132A01E29D3219C0007B181 /* BibliographicGuide */;
			targetProxy = 1132A03A29D3219E0007B181 /* PBXContainerItemProxy */;
		};
/* End PBXTargetDependency section */

/* Begin XCBuildConfiguration section */
		1132A04129D3219E0007B181 /* Debug */ = {
			isa = XCBuildConfiguration;
			buildSettings = {
				ALWAYS_SEARCH_USER_PATHS = NO;
				CLANG_ANALYZER_NONNULL = YES;
				CLANG_ANALYZER_NUMBER_OBJECT_CONVERSION = YES_AGGRESSIVE;
				CLANG_CXX_LANGUAGE_STANDARD = "gnu++20";
				CLANG_ENABLE_MODULES = YES;
				CLANG_ENABLE_OBJC_ARC = YES;
				CLANG_ENABLE_OBJC_WEAK = YES;
				CLANG_WARN_BLOCK_CAPTURE_AUTORELEASING = YES;
				CLANG_WARN_BOOL_CONVERSION = YES;
				CLANG_WARN_COMMA = YES;
				CLANG_WARN_CONSTANT_CONVERSION = YES;
				CLANG_WARN_DEPRECATED_OBJC_IMPLEMENTATIONS = YES;
				CLANG_WARN_DIRECT_OBJC_ISA_USAGE = YES_ERROR;
				CLANG_WARN_DOCUMENTATION_COMMENTS = YES;
				CLANG_WARN_EMPTY_BODY = YES;
				CLANG_WARN_ENUM_CONVERSION = YES;
				CLANG_WARN_INFINITE_RECURSION = YES;
				CLANG_WARN_INT_CONVERSION = YES;
				CLANG_WARN_NON_LITERAL_NULL_CONVERSION = YES;
				CLANG_WARN_OBJC_IMPLICIT_RETAIN_SELF = YES;
				CLANG_WARN_OBJC_LITERAL_CONVERSION = YES;
				CLANG_WARN_OBJC_ROOT_CLASS = YES_ERROR;
				CLANG_WARN_QUOTED_INCLUDE_IN_FRAMEWORK_HEADER = YES;
				CLANG_WARN_RANGE_LOOP_ANALYSIS = YES;
				CLANG_WARN_STRICT_PROTOTYPES = YES;
				CLANG_WARN_SUSPICIOUS_MOVE = YES;
				CLANG_WARN_UNGUARDED_AVAILABILITY = YES_AGGRESSIVE;
				CLANG_WARN_UNREACHABLE_CODE = YES;
				CLANG_WARN__DUPLICATE_METHOD_MATCH = YES;
				COPY_PHASE_STRIP = NO;
				DEBUG_INFORMATION_FORMAT = dwarf;
				ENABLE_STRICT_OBJC_MSGSEND = YES;
				ENABLE_TESTABILITY = YES;
				GCC_C_LANGUAGE_STANDARD = gnu11;
				GCC_DYNAMIC_NO_PIC = NO;
				GCC_NO_COMMON_BLOCKS = YES;
				GCC_OPTIMIZATION_LEVEL = 0;
				GCC_PREPROCESSOR_DEFINITIONS = (
					"DEBUG=1",
					"$(inherited)",
				);
				GCC_WARN_64_TO_32_BIT_CONVERSION = YES;
				GCC_WARN_ABOUT_RETURN_TYPE = YES_ERROR;
				GCC_WARN_UNDECLARED_SELECTOR = YES;
				GCC_WARN_UNINITIALIZED_AUTOS = YES_AGGRESSIVE;
				GCC_WARN_UNUSED_FUNCTION = YES;
				GCC_WARN_UNUSED_VARIABLE = YES;
				IPHONEOS_DEPLOYMENT_TARGET = 16.2;
				MTL_ENABLE_DEBUG_INFO = INCLUDE_SOURCE;
				MTL_FAST_MATH = YES;
				ONLY_ACTIVE_ARCH = YES;
				SDKROOT = iphoneos;
				SWIFT_ACTIVE_COMPILATION_CONDITIONS = DEBUG;
				SWIFT_OPTIMIZATION_LEVEL = "-Onone";
			};
			name = Debug;
		};
		1132A04229D3219E0007B181 /* Release */ = {
			isa = XCBuildConfiguration;
			buildSettings = {
				ALWAYS_SEARCH_USER_PATHS = NO;
				CLANG_ANALYZER_NONNULL = YES;
				CLANG_ANALYZER_NUMBER_OBJECT_CONVERSION = YES_AGGRESSIVE;
				CLANG_CXX_LANGUAGE_STANDARD = "gnu++20";
				CLANG_ENABLE_MODULES = YES;
				CLANG_ENABLE_OBJC_ARC = YES;
				CLANG_ENABLE_OBJC_WEAK = YES;
				CLANG_WARN_BLOCK_CAPTURE_AUTORELEASING = YES;
				CLANG_WARN_BOOL_CONVERSION = YES;
				CLANG_WARN_COMMA = YES;
				CLANG_WARN_CONSTANT_CONVERSION = YES;
				CLANG_WARN_DEPRECATED_OBJC_IMPLEMENTATIONS = YES;
				CLANG_WARN_DIRECT_OBJC_ISA_USAGE = YES_ERROR;
				CLANG_WARN_DOCUMENTATION_COMMENTS = YES;
				CLANG_WARN_EMPTY_BODY = YES;
				CLANG_WARN_ENUM_CONVERSION = YES;
				CLANG_WARN_INFINITE_RECURSION = YES;
				CLANG_WARN_INT_CONVERSION = YES;
				CLANG_WARN_NON_LITERAL_NULL_CONVERSION = YES;
				CLANG_WARN_OBJC_IMPLICIT_RETAIN_SELF = YES;
				CLANG_WARN_OBJC_LITERAL_CONVERSION = YES;
				CLANG_WARN_OBJC_ROOT_CLASS = YES_ERROR;
				CLANG_WARN_QUOTED_INCLUDE_IN_FRAMEWORK_HEADER = YES;
				CLANG_WARN_RANGE_LOOP_ANALYSIS = YES;
				CLANG_WARN_STRICT_PROTOTYPES = YES;
				CLANG_WARN_SUSPICIOUS_MOVE = YES;
				CLANG_WARN_UNGUARDED_AVAILABILITY = YES_AGGRESSIVE;
				CLANG_WARN_UNREACHABLE_CODE = YES;
				CLANG_WARN__DUPLICATE_METHOD_MATCH = YES;
				COPY_PHASE_STRIP = NO;
				DEBUG_INFORMATION_FORMAT = "dwarf-with-dsym";
				ENABLE_NS_ASSERTIONS = NO;
				ENABLE_STRICT_OBJC_MSGSEND = YES;
				GCC_C_LANGUAGE_STANDARD = gnu11;
				GCC_NO_COMMON_BLOCKS = YES;
				GCC_WARN_64_TO_32_BIT_CONVERSION = YES;
				GCC_WARN_ABOUT_RETURN_TYPE = YES_ERROR;
				GCC_WARN_UNDECLARED_SELECTOR = YES;
				GCC_WARN_UNINITIALIZED_AUTOS = YES_AGGRESSIVE;
				GCC_WARN_UNUSED_FUNCTION = YES;
				GCC_WARN_UNUSED_VARIABLE = YES;
				IPHONEOS_DEPLOYMENT_TARGET = 16.2;
				MTL_ENABLE_DEBUG_INFO = NO;
				MTL_FAST_MATH = YES;
				SDKROOT = iphoneos;
				SWIFT_COMPILATION_MODE = wholemodule;
				SWIFT_OPTIMIZATION_LEVEL = "-O";
				VALIDATE_PRODUCT = YES;
			};
			name = Release;
		};
		1132A04429D3219E0007B181 /* Debug */ = {
			isa = XCBuildConfiguration;
			baseConfigurationReference = 57888CDBC96114F9CA898EC2 /* Pods-BibliographicGuide.debug.xcconfig */;
			buildSettings = {
				ASSETCATALOG_COMPILER_APPICON_NAME = AppIcon;
				ASSETCATALOG_COMPILER_GLOBAL_ACCENT_COLOR_NAME = AccentColor;
				CODE_SIGN_STYLE = Automatic;
				CURRENT_PROJECT_VERSION = 1;
				DEVELOPMENT_ASSET_PATHS = "\"BibliographicGuide/Preview Content\"";
				ENABLE_PREVIEWS = YES;
				GENERATE_INFOPLIST_FILE = YES;
				INFOPLIST_KEY_UIApplicationSceneManifest_Generation = YES;
				INFOPLIST_KEY_UIApplicationSupportsIndirectInputEvents = YES;
				INFOPLIST_KEY_UILaunchScreen_Generation = YES;
				INFOPLIST_KEY_UISupportedInterfaceOrientations = UIInterfaceOrientationPortrait;
				LD_RUNPATH_SEARCH_PATHS = (
					"$(inherited)",
					"@executable_path/Frameworks",
				);
				MARKETING_VERSION = 1.0;
				PRODUCT_BUNDLE_IDENTIFIER = PulatovAleksandr.BibliographicGuide;
				PRODUCT_NAME = "$(TARGET_NAME)";
				SWIFT_EMIT_LOC_STRINGS = YES;
				SWIFT_VERSION = 5.0;
				TARGETED_DEVICE_FAMILY = "1,2";
			};
			name = Debug;
		};
		1132A04529D3219E0007B181 /* Release */ = {
			isa = XCBuildConfiguration;
			baseConfigurationReference = D0D33DDD40CD3472118C4A20 /* Pods-BibliographicGuide.release.xcconfig */;
			buildSettings = {
				ASSETCATALOG_COMPILER_APPICON_NAME = AppIcon;
				ASSETCATALOG_COMPILER_GLOBAL_ACCENT_COLOR_NAME = AccentColor;
				CODE_SIGN_STYLE = Automatic;
				CURRENT_PROJECT_VERSION = 1;
				DEVELOPMENT_ASSET_PATHS = "\"BibliographicGuide/Preview Content\"";
				ENABLE_PREVIEWS = YES;
				GENERATE_INFOPLIST_FILE = YES;
				INFOPLIST_KEY_UIApplicationSceneManifest_Generation = YES;
				INFOPLIST_KEY_UIApplicationSupportsIndirectInputEvents = YES;
				INFOPLIST_KEY_UILaunchScreen_Generation = YES;
				INFOPLIST_KEY_UISupportedInterfaceOrientations = UIInterfaceOrientationPortrait;
				LD_RUNPATH_SEARCH_PATHS = (
					"$(inherited)",
					"@executable_path/Frameworks",
				);
				MARKETING_VERSION = 1.0;
				PRODUCT_BUNDLE_IDENTIFIER = PulatovAleksandr.BibliographicGuide;
				PRODUCT_NAME = "$(TARGET_NAME)";
				SWIFT_EMIT_LOC_STRINGS = YES;
				SWIFT_VERSION = 5.0;
				TARGETED_DEVICE_FAMILY = "1,2";
			};
			name = Release;
		};
		1132A04729D3219E0007B181 /* Debug */ = {
			isa = XCBuildConfiguration;
			baseConfigurationReference = 6E4E73C4B73BD9799F2FE586 /* Pods-BibliographicGuideTests.debug.xcconfig */;
			buildSettings = {
				ALWAYS_EMBED_SWIFT_STANDARD_LIBRARIES = YES;
				BUNDLE_LOADER = "$(TEST_HOST)";
				CODE_SIGN_STYLE = Automatic;
				CURRENT_PROJECT_VERSION = 1;
				GENERATE_INFOPLIST_FILE = YES;
				IPHONEOS_DEPLOYMENT_TARGET = 16.2;
				MARKETING_VERSION = 1.0;
				PRODUCT_BUNDLE_IDENTIFIER = PulatovAleksandr.BibliographicGuideTests;
				PRODUCT_NAME = "$(TARGET_NAME)";
				SWIFT_EMIT_LOC_STRINGS = NO;
				SWIFT_VERSION = 5.0;
				TARGETED_DEVICE_FAMILY = "1,2";
				TEST_HOST = "$(BUILT_PRODUCTS_DIR)/BibliographicGuide.app/$(BUNDLE_EXECUTABLE_FOLDER_PATH)/BibliographicGuide";
			};
			name = Debug;
		};
		1132A04829D3219E0007B181 /* Release */ = {
			isa = XCBuildConfiguration;
			baseConfigurationReference = 0363E4EA9CA194B1C5D7151D /* Pods-BibliographicGuideTests.release.xcconfig */;
			buildSettings = {
				ALWAYS_EMBED_SWIFT_STANDARD_LIBRARIES = YES;
				BUNDLE_LOADER = "$(TEST_HOST)";
				CODE_SIGN_STYLE = Automatic;
				CURRENT_PROJECT_VERSION = 1;
				GENERATE_INFOPLIST_FILE = YES;
				IPHONEOS_DEPLOYMENT_TARGET = 16.2;
				MARKETING_VERSION = 1.0;
				PRODUCT_BUNDLE_IDENTIFIER = PulatovAleksandr.BibliographicGuideTests;
				PRODUCT_NAME = "$(TARGET_NAME)";
				SWIFT_EMIT_LOC_STRINGS = NO;
				SWIFT_VERSION = 5.0;
				TARGETED_DEVICE_FAMILY = "1,2";
				TEST_HOST = "$(BUILT_PRODUCTS_DIR)/BibliographicGuide.app/$(BUNDLE_EXECUTABLE_FOLDER_PATH)/BibliographicGuide";
			};
			name = Release;
		};
		1132A04A29D3219E0007B181 /* Debug */ = {
			isa = XCBuildConfiguration;
			baseConfigurationReference = 241C83635DC8BC995E701B01 /* Pods-BibliographicGuide-BibliographicGuideUITests.debug.xcconfig */;
			buildSettings = {
				ALWAYS_EMBED_SWIFT_STANDARD_LIBRARIES = YES;
				CODE_SIGN_STYLE = Automatic;
				CURRENT_PROJECT_VERSION = 1;
				GENERATE_INFOPLIST_FILE = YES;
				MARKETING_VERSION = 1.0;
				PRODUCT_BUNDLE_IDENTIFIER = PulatovAleksandr.BibliographicGuideUITests;
				PRODUCT_NAME = "$(TARGET_NAME)";
				SWIFT_EMIT_LOC_STRINGS = NO;
				SWIFT_VERSION = 5.0;
				TARGETED_DEVICE_FAMILY = "1,2";
				TEST_TARGET_NAME = BibliographicGuide;
			};
			name = Debug;
		};
		1132A04B29D3219E0007B181 /* Release */ = {
			isa = XCBuildConfiguration;
			baseConfigurationReference = 3BF3DF8CD7A06B44BA0C0176 /* Pods-BibliographicGuide-BibliographicGuideUITests.release.xcconfig */;
			buildSettings = {
				ALWAYS_EMBED_SWIFT_STANDARD_LIBRARIES = YES;
				CODE_SIGN_STYLE = Automatic;
				CURRENT_PROJECT_VERSION = 1;
				GENERATE_INFOPLIST_FILE = YES;
				MARKETING_VERSION = 1.0;
				PRODUCT_BUNDLE_IDENTIFIER = PulatovAleksandr.BibliographicGuideUITests;
				PRODUCT_NAME = "$(TARGET_NAME)";
				SWIFT_EMIT_LOC_STRINGS = NO;
				SWIFT_VERSION = 5.0;
				TARGETED_DEVICE_FAMILY = "1,2";
				TEST_TARGET_NAME = BibliographicGuide;
			};
			name = Release;
		};
/* End XCBuildConfiguration section */

/* Begin XCConfigurationList section */
		1132A01A29D3219C0007B181 /* Build configuration list for PBXProject "BibliographicGuide" */ = {
			isa = XCConfigurationList;
			buildConfigurations = (
				1132A04129D3219E0007B181 /* Debug */,
				1132A04229D3219E0007B181 /* Release */,
			);
			defaultConfigurationIsVisible = 0;
			defaultConfigurationName = Release;
		};
		1132A04329D3219E0007B181 /* Build configuration list for PBXNativeTarget "BibliographicGuide" */ = {
			isa = XCConfigurationList;
			buildConfigurations = (
				1132A04429D3219E0007B181 /* Debug */,
				1132A04529D3219E0007B181 /* Release */,
			);
			defaultConfigurationIsVisible = 0;
			defaultConfigurationName = Release;
		};
		1132A04629D3219E0007B181 /* Build configuration list for PBXNativeTarget "BibliographicGuideTests" */ = {
			isa = XCConfigurationList;
			buildConfigurations = (
				1132A04729D3219E0007B181 /* Debug */,
				1132A04829D3219E0007B181 /* Release */,
			);
			defaultConfigurationIsVisible = 0;
			defaultConfigurationName = Release;
		};
		1132A04929D3219E0007B181 /* Build configuration list for PBXNativeTarget "BibliographicGuideUITests" */ = {
			isa = XCConfigurationList;
			buildConfigurations = (
				1132A04A29D3219E0007B181 /* Debug */,
				1132A04B29D3219E0007B181 /* Release */,
			);
			defaultConfigurationIsVisible = 0;
			defaultConfigurationName = Release;
		};
/* End XCConfigurationList section */
	};
	rootObject = 1132A01729D3219C0007B181 /* Project object */;
}
